
Microsoft Visual Studio Solution File, Format Version 12.00
# Visual Studio Version 17
VisualStudioVersion = 17.7.34221.43
MinimumVisualStudioVersion = 10.0.40219.1
Project("{2150E333-8FDC-42A3-9474-1A3956D46DE8}") = "SmtApplication", "SmtApplication", "{29D8A50C-EC92-4D81-BCF8-EB35B394B72F}"
EndProject
Project("{2150E333-8FDC-42A3-9474-1A3956D46DE8}") = "DataSource", "DataSource", "{3B7F4C09-1B27-43B5-810B-55ACBFF41C7C}"
EndProject
Project("{2150E333-8FDC-42A3-9474-1A3956D46DE8}") = "SmtCore", "SmtCore", "{F0D50A5B-89EC-4B53-84C5-E544DF8D428B}"
EndProject
Project("{2150E333-8FDC-42A3-9474-1A3956D46DE8}") = "Smt2DRender", "Smt2DRender", "{83CD85CC-C3FC-4D30-A600-3629EA647351}"
EndProject
Project("{2150E333-8FDC-42A3-9474-1A3956D46DE8}") = "SmtIATool", "SmtIATool", "{2D98D90E-BF9D-4343-9AA2-9B1028392DA2}"
EndProject
Project("{2150E333-8FDC-42A3-9474-1A3956D46DE8}") = "SmtAuxModule", "SmtAuxModule", "{4AC35360-08E7-432A-9A96-561E33417EF3}"
EndProject
Project("{2150E333-8FDC-42A3-9474-1A3956D46DE8}") = "Smt3DRenderDevice", "Smt3DRenderDevice", "{439B4670-9E56-4F32-A5AE-7E87130518D8}"
EndProject
Project("{2150E333-8FDC-42A3-9474-1A3956D46DE8}") = "Smt3DRender", "Smt3DRender", "{98A44227-5413-4763-A0F3-CF7077027FF8}"
EndProject
Project("{2150E333-8FDC-42A3-9474-1A3956D46DE8}") = "SmtRender", "SmtRender", "{FD3F5D66-B71F-47AE-88FB-BAF7BC5460E9}"
EndProject
Project("{2150E333-8FDC-42A3-9474-1A3956D46DE8}") = "Depends", "Depends", "{3CF34803-E26A-4488-B97A-27F3714A8CEB}"
EndProject
Project("{2150E333-8FDC-42A3-9474-1A3956D46DE8}") = "Algorithms", "Algorithms", "{B7F1950A-0D4E-4013-BBAD-A6F7DB0E9AE4}"
EndProject
Project("{2150E333-8FDC-42A3-9474-1A3956D46DE8}") = "Smt3DModel", "Smt3DModel", "{BD9A3150-A2D7-46D5-AE27-A8621DD11D28}"
EndProject
Project("{2150E333-8FDC-42A3-9474-1A3956D46DE8}") = "SmtAMPlugin", "SmtAMPlugin", "{157B4F48-FC6D-4D23-8426-2D8C5EB4E86D}"
EndProject
Project("{2150E333-8FDC-42A3-9474-1A3956D46DE8}") = "Geometry", "Geometry", "{02DE04AE-77F4-455E-879A-81843E7B6D47}"
EndProject
Project("{2150E333-8FDC-42A3-9474-1A3956D46DE8}") = "SmtWebGIS", "SmtWebGIS", "{6852D2A6-68A9-4A41-9A52-88DEE57B4BCA}"
EndProject
Project("{2150E333-8FDC-42A3-9474-1A3956D46DE8}") = "Base", "Base", "{BCB1C340-1327-466B-A280-C82DA5CCABEC}"
EndProject
Project("{2150E333-8FDC-42A3-9474-1A3956D46DE8}") = "Util", "Util", "{9FDDA989-FA57-4FDA-ADFB-73FA512CD818}"
EndProject
Project("{2150E333-8FDC-42A3-9474-1A3956D46DE8}") = "SmtRenderDevice", "SmtRenderDevice", "{7648452D-F662-4DB0-A9C0-B8C1FA8DE957}"
EndProject
Project("{2150E333-8FDC-42A3-9474-1A3956D46DE8}") = "Core", "Core", "{20DAF29C-2C13-42A1-B559-D61F31F5A749}"
EndProject
Project("{2150E333-8FDC-42A3-9474-1A3956D46DE8}") = "Main", "Main", "{1E4845AC-4629-4186-AD8F-9F51C210168F}"
EndProject
Project("{2150E333-8FDC-42A3-9474-1A3956D46DE8}") = "SmtUIComponent", "SmtUIComponent", "{BCA5A4AD-5EF0-48C6-AF72-9B738D0EB11D}"
EndProject
Project("{2150E333-8FDC-42A3-9474-1A3956D46DE8}") = "MapServer", "MapServer", "{4F351DF3-5CD5-4ABF-A858-7B2898CCC0C5}"
EndProject
Project("{2150E333-8FDC-42A3-9474-1A3956D46DE8}") = "WebServer", "WebServer", "{9066C791-6B3F-472B-B2CF-819D894AF994}"
EndProject
Project("{2150E333-8FDC-42A3-9474-1A3956D46DE8}") = "MapServer", "MapServer", "{9B7C7571-4EEE-4ED4-80A6-03151A990489}"
EndProject
Project("{2150E333-8FDC-42A3-9474-1A3956D46DE8}") = "MapServerDevice", "MapServerDevice", "{C8BBC0CC-CA57-43F8-9B23-34F92DCC7FAF}"
EndProject
Project("{2150E333-8FDC-42A3-9474-1A3956D46DE8}") = "SmtDataAnalysis", "SmtDataAnalysis", "{EDFDB48E-E8F5-4985-A27D-DAA5C6C03B6B}"
EndProject
Project("{2150E333-8FDC-42A3-9474-1A3956D46DE8}") = "SmtDataServer", "SmtDataServer", "{F04F22E7-BB68-4947-B5FC-CA83BF95D686}"
EndProject
Project("{8BC9CEB8-8B4A-11D0-8D11-00A0C91BC942}") = "SmartGis", "SmartGis.vcxproj", "{CA62117A-DC89-4125-8F62-14065F9B04DB}"
EndProject
Project("{8BC9CEB8-8B4A-11D0-8D11-00A0C91BC942}") = "SmtAuxModule", "SmtAuxModule.vcxproj", "{56E2F15C-91FA-4CA7-A218-54A5153BBD0F}"
EndProject
Project("{8BC9CEB8-8B4A-11D0-8D11-00A0C91BC942}") = "SmtAM3DModelCreater", "SmtAM3DModelCreater.vcxproj", "{ACCC24CE-D01A-40C4-98BB-1A5C3F883026}"
EndProject
Project("{8BC9CEB8-8B4A-11D0-8D11-00A0C91BC942}") = "SmtAMBAOGridCreater", "SmtAMBAOGridCreater.vcxproj", "{6475439E-C380-43DC-B445-A48F4342499E}"
EndProject
Project("{8BC9CEB8-8B4A-11D0-8D11-00A0C91BC942}") = "SmtAMDemCreater", "SmtAMDemCreater.vcxproj", "{FA67ED9F-7FDD-4AC1-ACC3-63D1C6D8D734}"
EndProject
Project("{8BC9CEB8-8B4A-11D0-8D11-00A0C91BC942}") = "SmtAMMapPrint", "SmtAMMapPrint.vcxproj", "{EDD61980-8C42-402B-8EA6-C308DC1EB3E8}"
EndProject
Project("{8BC9CEB8-8B4A-11D0-8D11-00A0C91BC942}") = "SmtAMMapProject", "SmtAMMapProject.vcxproj", "{785105C1-F016-4787-96B8-C68CF9A40CAF}"
EndProject
Project("{8BC9CEB8-8B4A-11D0-8D11-00A0C91BC942}") = "SmtAMMapServiceMgr", "SmtAMMapServiceMgr.vcxproj", "{6A1FF2ED-727F-4DB2-A753-FCBDB06E8537}"
EndProject
Project("{8BC9CEB8-8B4A-11D0-8D11-00A0C91BC942}") = "SmtGeoCore", "SmtGeoCore.vcxproj", "{97E51A23-F623-456C-8F2E-12CCFCBA7643}"
EndProject
Project("{8BC9CEB8-8B4A-11D0-8D11-00A0C91BC942}") = "Smt3DGeoCore", "Smt3DGeoCore.vcxproj", "{D6D5CAD5-EB80-4BC8-A595-18755E476F95}"
EndProject
Project("{8BC9CEB8-8B4A-11D0-8D11-00A0C91BC942}") = "SmtBaseLib", "SmtBaseLib.vcxproj", "{E4E9F532-92AE-4411-8596-E2683384BB21}"
EndProject
Project("{8BC9CEB8-8B4A-11D0-8D11-00A0C91BC942}") = "SmtCore", "SmtCore.vcxproj", "{9160BFAD-311C-4028-A233-49A750C2672A}"
EndProject
Project("{8BC9CEB8-8B4A-11D0-8D11-00A0C91BC942}") = "SmtGisCore", "SmtGisCore.vcxproj", "{957D420E-543B-4DD9-A7F7-F210250644A1}"
EndProject
Project("{8BC9CEB8-8B4A-11D0-8D11-00A0C91BC942}") = "SmtMathLib", "SmtMathLib.vcxproj", "{0FE2E794-66B3-4B33-B3A5-93E0EBD6A5EB}"
EndProject
Project("{8BC9CEB8-8B4A-11D0-8D11-00A0C91BC942}") = "SmtGisPrj", "SmtGisPrj.vcxproj", "{D6655FB4-4A10-4A84-87A0-70A13D400768}"
EndProject
Project("{8BC9CEB8-8B4A-11D0-8D11-00A0C91BC942}") = "SmtBAOrthGrid", "SmtBAOrthGrid.vcxproj", "{70010A41-2719-4E68-993A-FE770CC0FAA4}"
EndProject
Project("{8BC9CEB8-8B4A-11D0-8D11-00A0C91BC942}") = "SmtTinMesh", "SmtTinMesh.vcxproj", "{D9DD617B-75A0-46AF-B797-91F12F9580D0}"
EndProject
Project("{8BC9CEB8-8B4A-11D0-8D11-00A0C91BC942}") = "SmtDemCore", "SmtDemCore.vcxproj", "{A33C5706-F8E8-4B86-8E31-BF34A811A3F3}"
EndProject
Project("{8BC9CEB8-8B4A-11D0-8D11-00A0C91BC942}") = "SmtStaCore", "SmtStaCore.vcxproj", "{9F4A1B7A-DFD4-4990-8778-7CC52505CBA0}"
EndProject
Project("{8BC9CEB8-8B4A-11D0-8D11-00A0C91BC942}") = "SmtStaDiagram", "SmtStaDiagram.vcxproj", "{387DD219-E54C-4D24-8220-12E6FCC1AAA6}"
EndProject
Project("{8BC9CEB8-8B4A-11D0-8D11-00A0C91BC942}") = "SmtSDEMemDevice", "SmtSDEMemDevice.vcxproj", "{75112DE1-B35C-4D61-963B-FAE42DEFCBCD}"
EndProject
Project("{8BC9CEB8-8B4A-11D0-8D11-00A0C91BC942}") = "SmtAdoCore", "SmtAdoCore.vcxproj", "{C67B5747-8F75-4AD7-A874-48978BE27081}"
EndProject
Project("{8BC9CEB8-8B4A-11D0-8D11-00A0C91BC942}") = "SmtSDEAdoDevice", "SmtSDEAdoDevice.vcxproj", "{F849AD4D-6927-4298-8826-722CBBEBE35B}"
EndProject
Project("{8BC9CEB8-8B4A-11D0-8D11-00A0C91BC942}") = "SmtSDEDeviceMgr", "SmtSDEDeviceMgr.vcxproj", "{7A941688-89E1-475F-A1A3-A52598D720F2}"
EndProject
Project("{8BC9CEB8-8B4A-11D0-8D11-00A0C91BC942}") = "SmtSDESmfDevice", "SmtSDESmfDevice.vcxproj", "{F91A6C3A-E253-435F-8147-FCEDEDB8B5C7}"
EndProject
Project("{8BC9CEB8-8B4A-11D0-8D11-00A0C91BC942}") = "SmtSDEWSDevice", "SmtSDEWSDevice.vcxproj", "{C47756C4-D90D-4A80-A69D-011E8D5957D8}"
EndProject
Project("{8BC9CEB8-8B4A-11D0-8D11-00A0C91BC942}") = "SmtGroupToolCore", "SmtGroupToolCore.vcxproj", "{13730512-E9C1-4B2E-B1EC-EA0706F5118B}"
EndProject
Project("{8BC9CEB8-8B4A-11D0-8D11-00A0C91BC942}") = "SmtToolCore", "SmtToolCore.vcxproj", "{40FD3552-26B3-4916-930E-3FFD08EF6583}"
EndProject
Project("{8BC9CEB8-8B4A-11D0-8D11-00A0C91BC942}") = "Smt3DBaseLib", "Smt3DBaseLib.vcxproj", "{FD9B7789-8601-42D7-800D-9DA500CDA0EF}"
EndProject
Project("{8BC9CEB8-8B4A-11D0-8D11-00A0C91BC942}") = "Smt3DMathLib", "Smt3DMathLib.vcxproj", "{9472AF6C-54C9-4ED6-AAD3-3377969D82A2}"
EndProject
Project("{8BC9CEB8-8B4A-11D0-8D11-00A0C91BC942}") = "Smt3DRenderer", "Smt3DRenderer.vcxproj", "{ACFB7BDC-8BC3-4349-BE37-5328322CBC4F}"
EndProject
Project("{8BC9CEB8-8B4A-11D0-8D11-00A0C91BC942}") = "Smt3DTerrain", "Smt3DTerrain.vcxproj", "{564200AB-3C1C-4A69-B36C-E1D2DA4D0697}"
EndProject
Project("{8BC9CEB8-8B4A-11D0-8D11-00A0C91BC942}") = "Smt3DMdLib", "Smt3DMdLib.vcxproj", "{1F69CBC5-A1E0-4462-BB13-D51136F58B9D}"
EndProject
Project("{8BC9CEB8-8B4A-11D0-8D11-00A0C91BC942}") = "Smt3DPointCloud", "Smt3DPointCloud.vcxproj", "{6FFF0E27-D5DE-47AC-8DF2-BDABD112026D}"
EndProject
Project("{8BC9CEB8-8B4A-11D0-8D11-00A0C91BC942}") = "SmtGLRenderDevice", "SmtGLRenderDevice.vcxproj", "{2B674241-D458-4E24-B330-EA9687DCEFE9}"
EndProject
Project("{8BC9CEB8-8B4A-11D0-8D11-00A0C91BC942}") = "SmtRender", "SmtRender.vcxproj", "{9F3179F8-85FF-4ECF-A929-4FC8EDAF5856}"
EndProject
Project("{8BC9CEB8-8B4A-11D0-8D11-00A0C91BC942}") = "SmtGdiRenderDevice", "SmtGdiRenderDevice.vcxproj", "{9CB1615D-2DC6-4748-843E-438E18DF1719}"
EndProject
Project("{8BC9CEB8-8B4A-11D0-8D11-00A0C91BC942}") = "SmtGdiSimpleRenderDevice", "SmtGdiSimpleRenderDevice.vcxproj", "{8FB63B77-41D7-42EF-AB12-DDCA5F7CFCC6}"
EndProject
Project("{8BC9CEB8-8B4A-11D0-8D11-00A0C91BC942}") = "SmtXAMBoxCore", "SmtXAMBoxCore.vcxproj", "{18163964-AE99-46E3-8FAC-9BE49D14D190}"
EndProject
Project("{8BC9CEB8-8B4A-11D0-8D11-00A0C91BC942}") = "SmtXCatalogCore", "SmtXCatalogCore.vcxproj", "{0AF7B21A-82F4-4CB2-B597-0625A893C28E}"
EndProject
Project("{8BC9CEB8-8B4A-11D0-8D11-00A0C91BC942}") = "SmtXViewCore", "SmtXViewCore.vcxproj", "{B43917E5-E562-4E92-A058-1FF1B7C6D60B}"
EndProject
Project("{8BC9CEB8-8B4A-11D0-8D11-00A0C91BC942}") = "SmtAppCore", "SmtAppCore.vcxproj", "{E751549C-B576-484B-9340-645C3E849A2E}"
EndProject
Project("{8BC9CEB8-8B4A-11D0-8D11-00A0C91BC942}") = "SmtGuiCore", "SmtGuiCore.vcxproj", "{E0B22D23-7CDC-47D4-9AD5-CAC674EC13F9}"
EndProject
Project("{8BC9CEB8-8B4A-11D0-8D11-00A0C91BC942}") = "SmtMFCExCore", "SmtMFCExCore.vcxproj", "{F8A87C17-66CB-44B3-84BE-824454956444}"
EndProject
Project("{8BC9CEB8-8B4A-11D0-8D11-00A0C91BC942}") = "SmtSysCore", "SmtSysCore.vcxproj", "{1D223B54-7B7F-41C1-862B-0E06B60CB6FE}"
EndProject
Project("{8BC9CEB8-8B4A-11D0-8D11-00A0C91BC942}") = "SmtMapClient", "SmtMapClient.vcxproj", "{31589DDA-D0DB-4A61-AC4E-21B0640E2E57}"
EndProject
Project("{8BC9CEB8-8B4A-11D0-8D11-00A0C91BC942}") = "SmtMapService", "SmtMapService.vcxproj", "{283932C9-67B1-41BF-B5FC-F90F1344399C}"
EndProject
Project("{8BC9CEB8-8B4A-11D0-8D11-00A0C91BC942}") = "SmtNetCore", "SmtNetCore.vcxproj", "{20D4FD54-AD9C-4C93-896F-D44BD718622B}"
EndProject
Project("{8BC9CEB8-8B4A-11D0-8D11-00A0C91BC942}") = "SmtMapServer", "SmtMapServer.vcxproj", "{B9703D69-2232-494E-8EED-66CCA45FD56C}"
EndProject
Project("{8BC9CEB8-8B4A-11D0-8D11-00A0C91BC942}") = "SmtMapServerDevice111", "SmtMapServerDevice111.vcxproj", "{9DEA4AC7-43FF-4455-BB92-7F7AFA942E3D}"
EndProject
Project("{8BC9CEB8-8B4A-11D0-8D11-00A0C91BC942}") = "SmtMapServerDeviceMgr", "SmtMapServerDeviceMgr.vcxproj", "{F59B0AA7-BE6A-40BD-A127-E30E93C1DBF7}"
EndProject
Project("{8BC9CEB8-8B4A-11D0-8D11-00A0C91BC942}") = "SmtWinServiceMapServer", "SmtWinServiceMapServer.vcxproj", "{7F8F0C01-F81D-4EC1-9FBF-823F5B6095E3}"
EndProject
Project("{8BC9CEB8-8B4A-11D0-8D11-00A0C91BC942}") = "SmtConsoleMapServer", "SmtConsoleMapServer.vcxproj", "{7833A6E8-70C8-4713-8811-DBAA9F66E9E9}"
EndProject
Project("{8BC9CEB8-8B4A-11D0-8D11-00A0C91BC942}") = "SmtCgiWrapper", "SmtCgiWrapper.vcxproj", "{CFEED396-E345-4AC6-80EF-21F3AC9552A4}"
EndProject
Project("{8BC9CEB8-8B4A-11D0-8D11-00A0C91BC942}") = "SmtD3DRenderDevice", "SmtD3DRenderDevice.vcxproj", "{2E750010-C066-46A3-86D9-820EBC0FFEAA}"
EndProject
Global
	GlobalSection(SolutionConfigurationPlatforms) = preSolution
		Debug|Win32 = Debug|Win32
		Release_Debug|Win32 = Release_Debug|Win32
		Release|Win32 = Release|Win32
		ReleaseStatic|Win32 = ReleaseStatic|Win32
		Unicode Debug|Win32 = Unicode Debug|Win32
		Unicode Release|Win32 = Unicode Release|Win32
	EndGlobalSection
	GlobalSection(ProjectConfigurationPlatforms) = postSolution
		{CA62117A-DC89-4125-8F62-14065F9B04DB}.Debug|Win32.ActiveCfg = Debug|Win32
		{CA62117A-DC89-4125-8F62-14065F9B04DB}.Debug|Win32.Build.0 = Debug|Win32
		{CA62117A-DC89-4125-8F62-14065F9B04DB}.Release_Debug|Win32.ActiveCfg = Release_Debug|Win32
		{CA62117A-DC89-4125-8F62-14065F9B04DB}.Release_Debug|Win32.Build.0 = Release_Debug|Win32
		{CA62117A-DC89-4125-8F62-14065F9B04DB}.Release|Win32.ActiveCfg = Release|Win32
		{CA62117A-DC89-4125-8F62-14065F9B04DB}.Release|Win32.Build.0 = Release|Win32
		{CA62117A-DC89-4125-8F62-14065F9B04DB}.ReleaseStatic|Win32.ActiveCfg = Release_Debug|Win32
		{CA62117A-DC89-4125-8F62-14065F9B04DB}.ReleaseStatic|Win32.Build.0 = Release_Debug|Win32
		{CA62117A-DC89-4125-8F62-14065F9B04DB}.Unicode Debug|Win32.ActiveCfg = Debug|Win32
		{CA62117A-DC89-4125-8F62-14065F9B04DB}.Unicode Debug|Win32.Build.0 = Debug|Win32
		{CA62117A-DC89-4125-8F62-14065F9B04DB}.Unicode Release|Win32.ActiveCfg = Release|Win32
		{CA62117A-DC89-4125-8F62-14065F9B04DB}.Unicode Release|Win32.Build.0 = Release|Win32
		{56E2F15C-91FA-4CA7-A218-54A5153BBD0F}.Debug|Win32.ActiveCfg = Debug|Win32
		{56E2F15C-91FA-4CA7-A218-54A5153BBD0F}.Debug|Win32.Build.0 = Debug|Win32
		{56E2F15C-91FA-4CA7-A218-54A5153BBD0F}.Release_Debug|Win32.ActiveCfg = Release_Debug|Win32
		{56E2F15C-91FA-4CA7-A218-54A5153BBD0F}.Release_Debug|Win32.Build.0 = Release_Debug|Win32
		{56E2F15C-91FA-4CA7-A218-54A5153BBD0F}.Release|Win32.ActiveCfg = Release|Win32
		{56E2F15C-91FA-4CA7-A218-54A5153BBD0F}.Release|Win32.Build.0 = Release|Win32
		{56E2F15C-91FA-4CA7-A218-54A5153BBD0F}.ReleaseStatic|Win32.ActiveCfg = Release_Debug|Win32
		{56E2F15C-91FA-4CA7-A218-54A5153BBD0F}.ReleaseStatic|Win32.Build.0 = Release_Debug|Win32
		{56E2F15C-91FA-4CA7-A218-54A5153BBD0F}.Unicode Debug|Win32.ActiveCfg = Debug|Win32
		{56E2F15C-91FA-4CA7-A218-54A5153BBD0F}.Unicode Debug|Win32.Build.0 = Debug|Win32
		{56E2F15C-91FA-4CA7-A218-54A5153BBD0F}.Unicode Release|Win32.ActiveCfg = Release|Win32
		{56E2F15C-91FA-4CA7-A218-54A5153BBD0F}.Unicode Release|Win32.Build.0 = Release|Win32
		{ACCC24CE-D01A-40C4-98BB-1A5C3F883026}.Debug|Win32.ActiveCfg = Debug|Win32
		{ACCC24CE-D01A-40C4-98BB-1A5C3F883026}.Debug|Win32.Build.0 = Debug|Win32
		{ACCC24CE-D01A-40C4-98BB-1A5C3F883026}.Release_Debug|Win32.ActiveCfg = Release_Debug|Win32
		{ACCC24CE-D01A-40C4-98BB-1A5C3F883026}.Release_Debug|Win32.Build.0 = Release_Debug|Win32
		{ACCC24CE-D01A-40C4-98BB-1A5C3F883026}.Release|Win32.ActiveCfg = Release|Win32
		{ACCC24CE-D01A-40C4-98BB-1A5C3F883026}.Release|Win32.Build.0 = Release|Win32
		{ACCC24CE-D01A-40C4-98BB-1A5C3F883026}.ReleaseStatic|Win32.ActiveCfg = Release_Debug|Win32
		{ACCC24CE-D01A-40C4-98BB-1A5C3F883026}.ReleaseStatic|Win32.Build.0 = Release_Debug|Win32
		{ACCC24CE-D01A-40C4-98BB-1A5C3F883026}.Unicode Debug|Win32.ActiveCfg = Debug|Win32
		{ACCC24CE-D01A-40C4-98BB-1A5C3F883026}.Unicode Debug|Win32.Build.0 = Debug|Win32
		{ACCC24CE-D01A-40C4-98BB-1A5C3F883026}.Unicode Release|Win32.ActiveCfg = Release|Win32
		{ACCC24CE-D01A-40C4-98BB-1A5C3F883026}.Unicode Release|Win32.Build.0 = Release|Win32
		{6475439E-C380-43DC-B445-A48F4342499E}.Debug|Win32.ActiveCfg = Debug|Win32
		{6475439E-C380-43DC-B445-A48F4342499E}.Debug|Win32.Build.0 = Debug|Win32
		{6475439E-C380-43DC-B445-A48F4342499E}.Release_Debug|Win32.ActiveCfg = Release_Debug|Win32
		{6475439E-C380-43DC-B445-A48F4342499E}.Release_Debug|Win32.Build.0 = Release_Debug|Win32
		{6475439E-C380-43DC-B445-A48F4342499E}.Release|Win32.ActiveCfg = Release|Win32
		{6475439E-C380-43DC-B445-A48F4342499E}.Release|Win32.Build.0 = Release|Win32
		{6475439E-C380-43DC-B445-A48F4342499E}.ReleaseStatic|Win32.ActiveCfg = Release_Debug|Win32
		{6475439E-C380-43DC-B445-A48F4342499E}.ReleaseStatic|Win32.Build.0 = Release_Debug|Win32
		{6475439E-C380-43DC-B445-A48F4342499E}.Unicode Debug|Win32.ActiveCfg = Debug|Win32
		{6475439E-C380-43DC-B445-A48F4342499E}.Unicode Debug|Win32.Build.0 = Debug|Win32
		{6475439E-C380-43DC-B445-A48F4342499E}.Unicode Release|Win32.ActiveCfg = Release|Win32
		{6475439E-C380-43DC-B445-A48F4342499E}.Unicode Release|Win32.Build.0 = Release|Win32
		{FA67ED9F-7FDD-4AC1-ACC3-63D1C6D8D734}.Debug|Win32.ActiveCfg = Debug|Win32
		{FA67ED9F-7FDD-4AC1-ACC3-63D1C6D8D734}.Debug|Win32.Build.0 = Debug|Win32
		{FA67ED9F-7FDD-4AC1-ACC3-63D1C6D8D734}.Release_Debug|Win32.ActiveCfg = Release_Debug|Win32
		{FA67ED9F-7FDD-4AC1-ACC3-63D1C6D8D734}.Release_Debug|Win32.Build.0 = Release_Debug|Win32
		{FA67ED9F-7FDD-4AC1-ACC3-63D1C6D8D734}.Release|Win32.ActiveCfg = Release|Win32
		{FA67ED9F-7FDD-4AC1-ACC3-63D1C6D8D734}.Release|Win32.Build.0 = Release|Win32
		{FA67ED9F-7FDD-4AC1-ACC3-63D1C6D8D734}.ReleaseStatic|Win32.ActiveCfg = Release_Debug|Win32
		{FA67ED9F-7FDD-4AC1-ACC3-63D1C6D8D734}.ReleaseStatic|Win32.Build.0 = Release_Debug|Win32
		{FA67ED9F-7FDD-4AC1-ACC3-63D1C6D8D734}.Unicode Debug|Win32.ActiveCfg = Debug|Win32
		{FA67ED9F-7FDD-4AC1-ACC3-63D1C6D8D734}.Unicode Debug|Win32.Build.0 = Debug|Win32
		{FA67ED9F-7FDD-4AC1-ACC3-63D1C6D8D734}.Unicode Release|Win32.ActiveCfg = Release|Win32
		{FA67ED9F-7FDD-4AC1-ACC3-63D1C6D8D734}.Unicode Release|Win32.Build.0 = Release|Win32
		{EDD61980-8C42-402B-8EA6-C308DC1EB3E8}.Debug|Win32.ActiveCfg = Debug|Win32
		{EDD61980-8C42-402B-8EA6-C308DC1EB3E8}.Debug|Win32.Build.0 = Debug|Win32
		{EDD61980-8C42-402B-8EA6-C308DC1EB3E8}.Release_Debug|Win32.ActiveCfg = Release_Debug|Win32
		{EDD61980-8C42-402B-8EA6-C308DC1EB3E8}.Release_Debug|Win32.Build.0 = Release_Debug|Win32
		{EDD61980-8C42-402B-8EA6-C308DC1EB3E8}.Release|Win32.ActiveCfg = Release|Win32
		{EDD61980-8C42-402B-8EA6-C308DC1EB3E8}.Release|Win32.Build.0 = Release|Win32
		{EDD61980-8C42-402B-8EA6-C308DC1EB3E8}.ReleaseStatic|Win32.ActiveCfg = Release_Debug|Win32
		{EDD61980-8C42-402B-8EA6-C308DC1EB3E8}.ReleaseStatic|Win32.Build.0 = Release_Debug|Win32
		{EDD61980-8C42-402B-8EA6-C308DC1EB3E8}.Unicode Debug|Win32.ActiveCfg = Debug|Win32
		{EDD61980-8C42-402B-8EA6-C308DC1EB3E8}.Unicode Debug|Win32.Build.0 = Debug|Win32
		{EDD61980-8C42-402B-8EA6-C308DC1EB3E8}.Unicode Release|Win32.ActiveCfg = Release|Win32
		{EDD61980-8C42-402B-8EA6-C308DC1EB3E8}.Unicode Release|Win32.Build.0 = Release|Win32
		{785105C1-F016-4787-96B8-C68CF9A40CAF}.Debug|Win32.ActiveCfg = Debug|Win32
		{785105C1-F016-4787-96B8-C68CF9A40CAF}.Debug|Win32.Build.0 = Debug|Win32
		{785105C1-F016-4787-96B8-C68CF9A40CAF}.Release_Debug|Win32.ActiveCfg = Release_Debug|Win32
		{785105C1-F016-4787-96B8-C68CF9A40CAF}.Release_Debug|Win32.Build.0 = Release_Debug|Win32
		{785105C1-F016-4787-96B8-C68CF9A40CAF}.Release|Win32.ActiveCfg = Release|Win32
		{785105C1-F016-4787-96B8-C68CF9A40CAF}.Release|Win32.Build.0 = Release|Win32
		{785105C1-F016-4787-96B8-C68CF9A40CAF}.ReleaseStatic|Win32.ActiveCfg = Release_Debug|Win32
		{785105C1-F016-4787-96B8-C68CF9A40CAF}.ReleaseStatic|Win32.Build.0 = Release_Debug|Win32
		{785105C1-F016-4787-96B8-C68CF9A40CAF}.Unicode Debug|Win32.ActiveCfg = Debug|Win32
		{785105C1-F016-4787-96B8-C68CF9A40CAF}.Unicode Debug|Win32.Build.0 = Debug|Win32
		{785105C1-F016-4787-96B8-C68CF9A40CAF}.Unicode Release|Win32.ActiveCfg = Release|Win32
		{785105C1-F016-4787-96B8-C68CF9A40CAF}.Unicode Release|Win32.Build.0 = Release|Win32
		{6A1FF2ED-727F-4DB2-A753-FCBDB06E8537}.Debug|Win32.ActiveCfg = Debug|Win32
		{6A1FF2ED-727F-4DB2-A753-FCBDB06E8537}.Debug|Win32.Build.0 = Debug|Win32
		{6A1FF2ED-727F-4DB2-A753-FCBDB06E8537}.Release_Debug|Win32.ActiveCfg = Release_Debug|Win32
		{6A1FF2ED-727F-4DB2-A753-FCBDB06E8537}.Release_Debug|Win32.Build.0 = Release_Debug|Win32
		{6A1FF2ED-727F-4DB2-A753-FCBDB06E8537}.Release|Win32.ActiveCfg = Release|Win32
		{6A1FF2ED-727F-4DB2-A753-FCBDB06E8537}.Release|Win32.Build.0 = Release|Win32
		{6A1FF2ED-727F-4DB2-A753-FCBDB06E8537}.ReleaseStatic|Win32.ActiveCfg = Release_Debug|Win32
		{6A1FF2ED-727F-4DB2-A753-FCBDB06E8537}.ReleaseStatic|Win32.Build.0 = Release_Debug|Win32
		{6A1FF2ED-727F-4DB2-A753-FCBDB06E8537}.Unicode Debug|Win32.ActiveCfg = Debug|Win32
		{6A1FF2ED-727F-4DB2-A753-FCBDB06E8537}.Unicode Debug|Win32.Build.0 = Debug|Win32
		{6A1FF2ED-727F-4DB2-A753-FCBDB06E8537}.Unicode Release|Win32.ActiveCfg = Release|Win32
		{6A1FF2ED-727F-4DB2-A753-FCBDB06E8537}.Unicode Release|Win32.Build.0 = Release|Win32
		{97E51A23-F623-456C-8F2E-12CCFCBA7643}.Debug|Win32.ActiveCfg = Debug|Win32
		{97E51A23-F623-456C-8F2E-12CCFCBA7643}.Debug|Win32.Build.0 = Debug|Win32
		{97E51A23-F623-456C-8F2E-12CCFCBA7643}.Release_Debug|Win32.ActiveCfg = Release_Debug|Win32
		{97E51A23-F623-456C-8F2E-12CCFCBA7643}.Release_Debug|Win32.Build.0 = Release_Debug|Win32
		{97E51A23-F623-456C-8F2E-12CCFCBA7643}.Release|Win32.ActiveCfg = Release|Win32
		{97E51A23-F623-456C-8F2E-12CCFCBA7643}.Release|Win32.Build.0 = Release|Win32
		{97E51A23-F623-456C-8F2E-12CCFCBA7643}.ReleaseStatic|Win32.ActiveCfg = Release_Debug|Win32
		{97E51A23-F623-456C-8F2E-12CCFCBA7643}.ReleaseStatic|Win32.Build.0 = Release_Debug|Win32
		{97E51A23-F623-456C-8F2E-12CCFCBA7643}.Unicode Debug|Win32.ActiveCfg = Debug|Win32
		{97E51A23-F623-456C-8F2E-12CCFCBA7643}.Unicode Debug|Win32.Build.0 = Debug|Win32
		{97E51A23-F623-456C-8F2E-12CCFCBA7643}.Unicode Release|Win32.ActiveCfg = Release|Win32
		{97E51A23-F623-456C-8F2E-12CCFCBA7643}.Unicode Release|Win32.Build.0 = Release|Win32
		{D6D5CAD5-EB80-4BC8-A595-18755E476F95}.Debug|Win32.ActiveCfg = Debug|Win32
		{D6D5CAD5-EB80-4BC8-A595-18755E476F95}.Debug|Win32.Build.0 = Debug|Win32
		{D6D5CAD5-EB80-4BC8-A595-18755E476F95}.Release_Debug|Win32.ActiveCfg = Release_Debug|Win32
		{D6D5CAD5-EB80-4BC8-A595-18755E476F95}.Release_Debug|Win32.Build.0 = Release_Debug|Win32
		{D6D5CAD5-EB80-4BC8-A595-18755E476F95}.Release|Win32.ActiveCfg = Release|Win32
		{D6D5CAD5-EB80-4BC8-A595-18755E476F95}.Release|Win32.Build.0 = Release|Win32
		{D6D5CAD5-EB80-4BC8-A595-18755E476F95}.ReleaseStatic|Win32.ActiveCfg = Release_Debug|Win32
		{D6D5CAD5-EB80-4BC8-A595-18755E476F95}.ReleaseStatic|Win32.Build.0 = Release_Debug|Win32
		{D6D5CAD5-EB80-4BC8-A595-18755E476F95}.Unicode Debug|Win32.ActiveCfg = Debug|Win32
		{D6D5CAD5-EB80-4BC8-A595-18755E476F95}.Unicode Debug|Win32.Build.0 = Debug|Win32
		{D6D5CAD5-EB80-4BC8-A595-18755E476F95}.Unicode Release|Win32.ActiveCfg = Release|Win32
		{D6D5CAD5-EB80-4BC8-A595-18755E476F95}.Unicode Release|Win32.Build.0 = Release|Win32
		{E4E9F532-92AE-4411-8596-E2683384BB21}.Debug|Win32.ActiveCfg = Debug|Win32
		{E4E9F532-92AE-4411-8596-E2683384BB21}.Debug|Win32.Build.0 = Debug|Win32
		{E4E9F532-92AE-4411-8596-E2683384BB21}.Release_Debug|Win32.ActiveCfg = Release_Debug|Win32
		{E4E9F532-92AE-4411-8596-E2683384BB21}.Release_Debug|Win32.Build.0 = Release_Debug|Win32
		{E4E9F532-92AE-4411-8596-E2683384BB21}.Release|Win32.ActiveCfg = Release|Win32
		{E4E9F532-92AE-4411-8596-E2683384BB21}.Release|Win32.Build.0 = Release|Win32
		{E4E9F532-92AE-4411-8596-E2683384BB21}.ReleaseStatic|Win32.ActiveCfg = Release_Debug|Win32
		{E4E9F532-92AE-4411-8596-E2683384BB21}.ReleaseStatic|Win32.Build.0 = Release_Debug|Win32
		{E4E9F532-92AE-4411-8596-E2683384BB21}.Unicode Debug|Win32.ActiveCfg = Debug|Win32
		{E4E9F532-92AE-4411-8596-E2683384BB21}.Unicode Debug|Win32.Build.0 = Debug|Win32
		{E4E9F532-92AE-4411-8596-E2683384BB21}.Unicode Release|Win32.ActiveCfg = Release|Win32
		{E4E9F532-92AE-4411-8596-E2683384BB21}.Unicode Release|Win32.Build.0 = Release|Win32
		{9160BFAD-311C-4028-A233-49A750C2672A}.Debug|Win32.ActiveCfg = Debug|Win32
		{9160BFAD-311C-4028-A233-49A750C2672A}.Debug|Win32.Build.0 = Debug|Win32
		{9160BFAD-311C-4028-A233-49A750C2672A}.Release_Debug|Win32.ActiveCfg = Release_Debug|Win32
		{9160BFAD-311C-4028-A233-49A750C2672A}.Release_Debug|Win32.Build.0 = Release_Debug|Win32
		{9160BFAD-311C-4028-A233-49A750C2672A}.Release|Win32.ActiveCfg = Release|Win32
		{9160BFAD-311C-4028-A233-49A750C2672A}.Release|Win32.Build.0 = Release|Win32
		{9160BFAD-311C-4028-A233-49A750C2672A}.ReleaseStatic|Win32.ActiveCfg = Release_Debug|Win32
		{9160BFAD-311C-4028-A233-49A750C2672A}.ReleaseStatic|Win32.Build.0 = Release_Debug|Win32
		{9160BFAD-311C-4028-A233-49A750C2672A}.Unicode Debug|Win32.ActiveCfg = Debug|Win32
		{9160BFAD-311C-4028-A233-49A750C2672A}.Unicode Debug|Win32.Build.0 = Debug|Win32
		{9160BFAD-311C-4028-A233-49A750C2672A}.Unicode Release|Win32.ActiveCfg = Release|Win32
		{9160BFAD-311C-4028-A233-49A750C2672A}.Unicode Release|Win32.Build.0 = Release|Win32
		{957D420E-543B-4DD9-A7F7-F210250644A1}.Debug|Win32.ActiveCfg = Debug|Win32
		{957D420E-543B-4DD9-A7F7-F210250644A1}.Debug|Win32.Build.0 = Debug|Win32
		{957D420E-543B-4DD9-A7F7-F210250644A1}.Release_Debug|Win32.ActiveCfg = Release_Debug|Win32
		{957D420E-543B-4DD9-A7F7-F210250644A1}.Release_Debug|Win32.Build.0 = Release_Debug|Win32
		{957D420E-543B-4DD9-A7F7-F210250644A1}.Release|Win32.ActiveCfg = Release|Win32
		{957D420E-543B-4DD9-A7F7-F210250644A1}.Release|Win32.Build.0 = Release|Win32
		{957D420E-543B-4DD9-A7F7-F210250644A1}.ReleaseStatic|Win32.ActiveCfg = Release_Debug|Win32
		{957D420E-543B-4DD9-A7F7-F210250644A1}.ReleaseStatic|Win32.Build.0 = Release_Debug|Win32
		{957D420E-543B-4DD9-A7F7-F210250644A1}.Unicode Debug|Win32.ActiveCfg = Debug|Win32
		{957D420E-543B-4DD9-A7F7-F210250644A1}.Unicode Debug|Win32.Build.0 = Debug|Win32
		{957D420E-543B-4DD9-A7F7-F210250644A1}.Unicode Release|Win32.ActiveCfg = Release|Win32
		{957D420E-543B-4DD9-A7F7-F210250644A1}.Unicode Release|Win32.Build.0 = Release|Win32
		{0FE2E794-66B3-4B33-B3A5-93E0EBD6A5EB}.Debug|Win32.ActiveCfg = Debug|Win32
		{0FE2E794-66B3-4B33-B3A5-93E0EBD6A5EB}.Debug|Win32.Build.0 = Debug|Win32
		{0FE2E794-66B3-4B33-B3A5-93E0EBD6A5EB}.Release_Debug|Win32.ActiveCfg = Release_Debug|Win32
		{0FE2E794-66B3-4B33-B3A5-93E0EBD6A5EB}.Release_Debug|Win32.Build.0 = Release_Debug|Win32
		{0FE2E794-66B3-4B33-B3A5-93E0EBD6A5EB}.Release|Win32.ActiveCfg = Release|Win32
		{0FE2E794-66B3-4B33-B3A5-93E0EBD6A5EB}.Release|Win32.Build.0 = Release|Win32
		{0FE2E794-66B3-4B33-B3A5-93E0EBD6A5EB}.ReleaseStatic|Win32.ActiveCfg = Release_Debug|Win32
		{0FE2E794-66B3-4B33-B3A5-93E0EBD6A5EB}.ReleaseStatic|Win32.Build.0 = Release_Debug|Win32
		{0FE2E794-66B3-4B33-B3A5-93E0EBD6A5EB}.Unicode Debug|Win32.ActiveCfg = Debug|Win32
		{0FE2E794-66B3-4B33-B3A5-93E0EBD6A5EB}.Unicode Debug|Win32.Build.0 = Debug|Win32
		{0FE2E794-66B3-4B33-B3A5-93E0EBD6A5EB}.Unicode Release|Win32.ActiveCfg = Release|Win32
		{0FE2E794-66B3-4B33-B3A5-93E0EBD6A5EB}.Unicode Release|Win32.Build.0 = Release|Win32
		{D6655FB4-4A10-4A84-87A0-70A13D400768}.Debug|Win32.ActiveCfg = Debug|Win32
		{D6655FB4-4A10-4A84-87A0-70A13D400768}.Debug|Win32.Build.0 = Debug|Win32
		{D6655FB4-4A10-4A84-87A0-70A13D400768}.Release_Debug|Win32.ActiveCfg = Release_Debug|Win32
		{D6655FB4-4A10-4A84-87A0-70A13D400768}.Release_Debug|Win32.Build.0 = Release_Debug|Win32
		{D6655FB4-4A10-4A84-87A0-70A13D400768}.Release|Win32.ActiveCfg = Release|Win32
		{D6655FB4-4A10-4A84-87A0-70A13D400768}.Release|Win32.Build.0 = Release|Win32
		{D6655FB4-4A10-4A84-87A0-70A13D400768}.ReleaseStatic|Win32.ActiveCfg = Release_Debug|Win32
		{D6655FB4-4A10-4A84-87A0-70A13D400768}.ReleaseStatic|Win32.Build.0 = Release_Debug|Win32
		{D6655FB4-4A10-4A84-87A0-70A13D400768}.Unicode Debug|Win32.ActiveCfg = Debug|Win32
		{D6655FB4-4A10-4A84-87A0-70A13D400768}.Unicode Debug|Win32.Build.0 = Debug|Win32
		{D6655FB4-4A10-4A84-87A0-70A13D400768}.Unicode Release|Win32.ActiveCfg = Release|Win32
		{D6655FB4-4A10-4A84-87A0-70A13D400768}.Unicode Release|Win32.Build.0 = Release|Win32
		{70010A41-2719-4E68-993A-FE770CC0FAA4}.Debug|Win32.ActiveCfg = Debug|Win32
		{70010A41-2719-4E68-993A-FE770CC0FAA4}.Debug|Win32.Build.0 = Debug|Win32
		{70010A41-2719-4E68-993A-FE770CC0FAA4}.Release_Debug|Win32.ActiveCfg = Release_Debug|Win32
		{70010A41-2719-4E68-993A-FE770CC0FAA4}.Release_Debug|Win32.Build.0 = Release_Debug|Win32
		{70010A41-2719-4E68-993A-FE770CC0FAA4}.Release|Win32.ActiveCfg = Release|Win32
		{70010A41-2719-4E68-993A-FE770CC0FAA4}.Release|Win32.Build.0 = Release|Win32
		{70010A41-2719-4E68-993A-FE770CC0FAA4}.ReleaseStatic|Win32.ActiveCfg = Release_Debug|Win32
		{70010A41-2719-4E68-993A-FE770CC0FAA4}.ReleaseStatic|Win32.Build.0 = Release_Debug|Win32
		{70010A41-2719-4E68-993A-FE770CC0FAA4}.Unicode Debug|Win32.ActiveCfg = Debug|Win32
		{70010A41-2719-4E68-993A-FE770CC0FAA4}.Unicode Debug|Win32.Build.0 = Debug|Win32
		{70010A41-2719-4E68-993A-FE770CC0FAA4}.Unicode Release|Win32.ActiveCfg = Release|Win32
		{70010A41-2719-4E68-993A-FE770CC0FAA4}.Unicode Release|Win32.Build.0 = Release|Win32
		{D9DD617B-75A0-46AF-B797-91F12F9580D0}.Debug|Win32.ActiveCfg = Debug|Win32
		{D9DD617B-75A0-46AF-B797-91F12F9580D0}.Debug|Win32.Build.0 = Debug|Win32
		{D9DD617B-75A0-46AF-B797-91F12F9580D0}.Release_Debug|Win32.ActiveCfg = Release_Debug|Win32
		{D9DD617B-75A0-46AF-B797-91F12F9580D0}.Release_Debug|Win32.Build.0 = Release_Debug|Win32
		{D9DD617B-75A0-46AF-B797-91F12F9580D0}.Release|Win32.ActiveCfg = Release|Win32
		{D9DD617B-75A0-46AF-B797-91F12F9580D0}.Release|Win32.Build.0 = Release|Win32
		{D9DD617B-75A0-46AF-B797-91F12F9580D0}.ReleaseStatic|Win32.ActiveCfg = Release_Debug|Win32
		{D9DD617B-75A0-46AF-B797-91F12F9580D0}.ReleaseStatic|Win32.Build.0 = Release_Debug|Win32
		{D9DD617B-75A0-46AF-B797-91F12F9580D0}.Unicode Debug|Win32.ActiveCfg = Debug|Win32
		{D9DD617B-75A0-46AF-B797-91F12F9580D0}.Unicode Debug|Win32.Build.0 = Debug|Win32
		{D9DD617B-75A0-46AF-B797-91F12F9580D0}.Unicode Release|Win32.ActiveCfg = Release|Win32
		{D9DD617B-75A0-46AF-B797-91F12F9580D0}.Unicode Release|Win32.Build.0 = Release|Win32
		{A33C5706-F8E8-4B86-8E31-BF34A811A3F3}.Debug|Win32.ActiveCfg = Debug|Win32
		{A33C5706-F8E8-4B86-8E31-BF34A811A3F3}.Debug|Win32.Build.0 = Debug|Win32
		{A33C5706-F8E8-4B86-8E31-BF34A811A3F3}.Release_Debug|Win32.ActiveCfg = Release_Debug|Win32
		{A33C5706-F8E8-4B86-8E31-BF34A811A3F3}.Release_Debug|Win32.Build.0 = Release_Debug|Win32
		{A33C5706-F8E8-4B86-8E31-BF34A811A3F3}.Release|Win32.ActiveCfg = Release|Win32
		{A33C5706-F8E8-4B86-8E31-BF34A811A3F3}.Release|Win32.Build.0 = Release|Win32
		{A33C5706-F8E8-4B86-8E31-BF34A811A3F3}.ReleaseStatic|Win32.ActiveCfg = Release_Debug|Win32
		{A33C5706-F8E8-4B86-8E31-BF34A811A3F3}.ReleaseStatic|Win32.Build.0 = Release_Debug|Win32
		{A33C5706-F8E8-4B86-8E31-BF34A811A3F3}.Unicode Debug|Win32.ActiveCfg = Debug|Win32
		{A33C5706-F8E8-4B86-8E31-BF34A811A3F3}.Unicode Debug|Win32.Build.0 = Debug|Win32
		{A33C5706-F8E8-4B86-8E31-BF34A811A3F3}.Unicode Release|Win32.ActiveCfg = Release|Win32
		{A33C5706-F8E8-4B86-8E31-BF34A811A3F3}.Unicode Release|Win32.Build.0 = Release|Win32
		{9F4A1B7A-DFD4-4990-8778-7CC52505CBA0}.Debug|Win32.ActiveCfg = Debug|Win32
		{9F4A1B7A-DFD4-4990-8778-7CC52505CBA0}.Debug|Win32.Build.0 = Debug|Win32
		{9F4A1B7A-DFD4-4990-8778-7CC52505CBA0}.Release_Debug|Win32.ActiveCfg = Release_Debug|Win32
		{9F4A1B7A-DFD4-4990-8778-7CC52505CBA0}.Release_Debug|Win32.Build.0 = Release_Debug|Win32
		{9F4A1B7A-DFD4-4990-8778-7CC52505CBA0}.Release|Win32.ActiveCfg = Release|Win32
		{9F4A1B7A-DFD4-4990-8778-7CC52505CBA0}.Release|Win32.Build.0 = Release|Win32
		{9F4A1B7A-DFD4-4990-8778-7CC52505CBA0}.ReleaseStatic|Win32.ActiveCfg = Release_Debug|Win32
		{9F4A1B7A-DFD4-4990-8778-7CC52505CBA0}.ReleaseStatic|Win32.Build.0 = Release_Debug|Win32
		{9F4A1B7A-DFD4-4990-8778-7CC52505CBA0}.Unicode Debug|Win32.ActiveCfg = Debug|Win32
		{9F4A1B7A-DFD4-4990-8778-7CC52505CBA0}.Unicode Debug|Win32.Build.0 = Debug|Win32
		{9F4A1B7A-DFD4-4990-8778-7CC52505CBA0}.Unicode Release|Win32.ActiveCfg = Release|Win32
		{9F4A1B7A-DFD4-4990-8778-7CC52505CBA0}.Unicode Release|Win32.Build.0 = Release|Win32
		{387DD219-E54C-4D24-8220-12E6FCC1AAA6}.Debug|Win32.ActiveCfg = Debug|Win32
		{387DD219-E54C-4D24-8220-12E6FCC1AAA6}.Debug|Win32.Build.0 = Debug|Win32
		{387DD219-E54C-4D24-8220-12E6FCC1AAA6}.Release_Debug|Win32.ActiveCfg = Release_Debug|Win32
		{387DD219-E54C-4D24-8220-12E6FCC1AAA6}.Release_Debug|Win32.Build.0 = Release_Debug|Win32
		{387DD219-E54C-4D24-8220-12E6FCC1AAA6}.Release|Win32.ActiveCfg = Release|Win32
		{387DD219-E54C-4D24-8220-12E6FCC1AAA6}.Release|Win32.Build.0 = Release|Win32
		{387DD219-E54C-4D24-8220-12E6FCC1AAA6}.ReleaseStatic|Win32.ActiveCfg = Release_Debug|Win32
		{387DD219-E54C-4D24-8220-12E6FCC1AAA6}.ReleaseStatic|Win32.Build.0 = Release_Debug|Win32
		{387DD219-E54C-4D24-8220-12E6FCC1AAA6}.Unicode Debug|Win32.ActiveCfg = Debug|Win32
		{387DD219-E54C-4D24-8220-12E6FCC1AAA6}.Unicode Debug|Win32.Build.0 = Debug|Win32
		{387DD219-E54C-4D24-8220-12E6FCC1AAA6}.Unicode Release|Win32.ActiveCfg = Release|Win32
		{387DD219-E54C-4D24-8220-12E6FCC1AAA6}.Unicode Release|Win32.Build.0 = Release|Win32
		{75112DE1-B35C-4D61-963B-FAE42DEFCBCD}.Debug|Win32.ActiveCfg = Debug|Win32
		{75112DE1-B35C-4D61-963B-FAE42DEFCBCD}.Debug|Win32.Build.0 = Debug|Win32
		{75112DE1-B35C-4D61-963B-FAE42DEFCBCD}.Release_Debug|Win32.ActiveCfg = Release_Debug|Win32
		{75112DE1-B35C-4D61-963B-FAE42DEFCBCD}.Release_Debug|Win32.Build.0 = Release_Debug|Win32
		{75112DE1-B35C-4D61-963B-FAE42DEFCBCD}.Release|Win32.ActiveCfg = Release|Win32
		{75112DE1-B35C-4D61-963B-FAE42DEFCBCD}.Release|Win32.Build.0 = Release|Win32
		{75112DE1-B35C-4D61-963B-FAE42DEFCBCD}.ReleaseStatic|Win32.ActiveCfg = Release_Debug|Win32
		{75112DE1-B35C-4D61-963B-FAE42DEFCBCD}.ReleaseStatic|Win32.Build.0 = Release_Debug|Win32
		{75112DE1-B35C-4D61-963B-FAE42DEFCBCD}.Unicode Debug|Win32.ActiveCfg = Debug|Win32
		{75112DE1-B35C-4D61-963B-FAE42DEFCBCD}.Unicode Debug|Win32.Build.0 = Debug|Win32
		{75112DE1-B35C-4D61-963B-FAE42DEFCBCD}.Unicode Release|Win32.ActiveCfg = Release|Win32
		{75112DE1-B35C-4D61-963B-FAE42DEFCBCD}.Unicode Release|Win32.Build.0 = Release|Win32
		{C67B5747-8F75-4AD7-A874-48978BE27081}.Debug|Win32.ActiveCfg = Debug|Win32
		{C67B5747-8F75-4AD7-A874-48978BE27081}.Debug|Win32.Build.0 = Debug|Win32
		{C67B5747-8F75-4AD7-A874-48978BE27081}.Release_Debug|Win32.ActiveCfg = Release_Debug|Win32
		{C67B5747-8F75-4AD7-A874-48978BE27081}.Release_Debug|Win32.Build.0 = Release_Debug|Win32
		{C67B5747-8F75-4AD7-A874-48978BE27081}.Release|Win32.ActiveCfg = Release|Win32
		{C67B5747-8F75-4AD7-A874-48978BE27081}.Release|Win32.Build.0 = Release|Win32
		{C67B5747-8F75-4AD7-A874-48978BE27081}.ReleaseStatic|Win32.ActiveCfg = Release_Debug|Win32
		{C67B5747-8F75-4AD7-A874-48978BE27081}.ReleaseStatic|Win32.Build.0 = Release_Debug|Win32
		{C67B5747-8F75-4AD7-A874-48978BE27081}.Unicode Debug|Win32.ActiveCfg = Debug|Win32
		{C67B5747-8F75-4AD7-A874-48978BE27081}.Unicode Debug|Win32.Build.0 = Debug|Win32
		{C67B5747-8F75-4AD7-A874-48978BE27081}.Unicode Release|Win32.ActiveCfg = Release|Win32
		{C67B5747-8F75-4AD7-A874-48978BE27081}.Unicode Release|Win32.Build.0 = Release|Win32
		{F849AD4D-6927-4298-8826-722CBBEBE35B}.Debug|Win32.ActiveCfg = Debug|Win32
		{F849AD4D-6927-4298-8826-722CBBEBE35B}.Debug|Win32.Build.0 = Debug|Win32
		{F849AD4D-6927-4298-8826-722CBBEBE35B}.Release_Debug|Win32.ActiveCfg = Release_Debug|Win32
		{F849AD4D-6927-4298-8826-722CBBEBE35B}.Release_Debug|Win32.Build.0 = Release_Debug|Win32
		{F849AD4D-6927-4298-8826-722CBBEBE35B}.Release|Win32.ActiveCfg = Release|Win32
		{F849AD4D-6927-4298-8826-722CBBEBE35B}.Release|Win32.Build.0 = Release|Win32
		{F849AD4D-6927-4298-8826-722CBBEBE35B}.ReleaseStatic|Win32.ActiveCfg = Release_Debug|Win32
		{F849AD4D-6927-4298-8826-722CBBEBE35B}.ReleaseStatic|Win32.Build.0 = Release_Debug|Win32
		{F849AD4D-6927-4298-8826-722CBBEBE35B}.Unicode Debug|Win32.ActiveCfg = Debug|Win32
		{F849AD4D-6927-4298-8826-722CBBEBE35B}.Unicode Debug|Win32.Build.0 = Debug|Win32
		{F849AD4D-6927-4298-8826-722CBBEBE35B}.Unicode Release|Win32.ActiveCfg = Release|Win32
		{F849AD4D-6927-4298-8826-722CBBEBE35B}.Unicode Release|Win32.Build.0 = Release|Win32
		{7A941688-89E1-475F-A1A3-A52598D720F2}.Debug|Win32.ActiveCfg = Debug|Win32
		{7A941688-89E1-475F-A1A3-A52598D720F2}.Debug|Win32.Build.0 = Debug|Win32
		{7A941688-89E1-475F-A1A3-A52598D720F2}.Release_Debug|Win32.ActiveCfg = Release_Debug|Win32
		{7A941688-89E1-475F-A1A3-A52598D720F2}.Release_Debug|Win32.Build.0 = Release_Debug|Win32
		{7A941688-89E1-475F-A1A3-A52598D720F2}.Release|Win32.ActiveCfg = Release|Win32
		{7A941688-89E1-475F-A1A3-A52598D720F2}.Release|Win32.Build.0 = Release|Win32
		{7A941688-89E1-475F-A1A3-A52598D720F2}.ReleaseStatic|Win32.ActiveCfg = Release_Debug|Win32
		{7A941688-89E1-475F-A1A3-A52598D720F2}.ReleaseStatic|Win32.Build.0 = Release_Debug|Win32
		{7A941688-89E1-475F-A1A3-A52598D720F2}.Unicode Debug|Win32.ActiveCfg = Debug|Win32
		{7A941688-89E1-475F-A1A3-A52598D720F2}.Unicode Debug|Win32.Build.0 = Debug|Win32
		{7A941688-89E1-475F-A1A3-A52598D720F2}.Unicode Release|Win32.ActiveCfg = Release|Win32
		{7A941688-89E1-475F-A1A3-A52598D720F2}.Unicode Release|Win32.Build.0 = Release|Win32
		{F91A6C3A-E253-435F-8147-FCEDEDB8B5C7}.Debug|Win32.ActiveCfg = Debug|Win32
		{F91A6C3A-E253-435F-8147-FCEDEDB8B5C7}.Debug|Win32.Build.0 = Debug|Win32
		{F91A6C3A-E253-435F-8147-FCEDEDB8B5C7}.Release_Debug|Win32.ActiveCfg = Release_Debug|Win32
		{F91A6C3A-E253-435F-8147-FCEDEDB8B5C7}.Release_Debug|Win32.Build.0 = Release_Debug|Win32
		{F91A6C3A-E253-435F-8147-FCEDEDB8B5C7}.Release|Win32.ActiveCfg = Release|Win32
		{F91A6C3A-E253-435F-8147-FCEDEDB8B5C7}.Release|Win32.Build.0 = Release|Win32
		{F91A6C3A-E253-435F-8147-FCEDEDB8B5C7}.ReleaseStatic|Win32.ActiveCfg = Release_Debug|Win32
		{F91A6C3A-E253-435F-8147-FCEDEDB8B5C7}.ReleaseStatic|Win32.Build.0 = Release_Debug|Win32
		{F91A6C3A-E253-435F-8147-FCEDEDB8B5C7}.Unicode Debug|Win32.ActiveCfg = Debug|Win32
		{F91A6C3A-E253-435F-8147-FCEDEDB8B5C7}.Unicode Debug|Win32.Build.0 = Debug|Win32
		{F91A6C3A-E253-435F-8147-FCEDEDB8B5C7}.Unicode Release|Win32.ActiveCfg = Release|Win32
		{F91A6C3A-E253-435F-8147-FCEDEDB8B5C7}.Unicode Release|Win32.Build.0 = Release|Win32
		{C47756C4-D90D-4A80-A69D-011E8D5957D8}.Debug|Win32.ActiveCfg = Debug|Win32
		{C47756C4-D90D-4A80-A69D-011E8D5957D8}.Debug|Win32.Build.0 = Debug|Win32
		{C47756C4-D90D-4A80-A69D-011E8D5957D8}.Release_Debug|Win32.ActiveCfg = Release_Debug|Win32
		{C47756C4-D90D-4A80-A69D-011E8D5957D8}.Release_Debug|Win32.Build.0 = Release_Debug|Win32
		{C47756C4-D90D-4A80-A69D-011E8D5957D8}.Release|Win32.ActiveCfg = Release|Win32
		{C47756C4-D90D-4A80-A69D-011E8D5957D8}.Release|Win32.Build.0 = Release|Win32
		{C47756C4-D90D-4A80-A69D-011E8D5957D8}.ReleaseStatic|Win32.ActiveCfg = Release_Debug|Win32
		{C47756C4-D90D-4A80-A69D-011E8D5957D8}.ReleaseStatic|Win32.Build.0 = Release_Debug|Win32
		{C47756C4-D90D-4A80-A69D-011E8D5957D8}.Unicode Debug|Win32.ActiveCfg = Debug|Win32
		{C47756C4-D90D-4A80-A69D-011E8D5957D8}.Unicode Debug|Win32.Build.0 = Debug|Win32
		{C47756C4-D90D-4A80-A69D-011E8D5957D8}.Unicode Release|Win32.ActiveCfg = Release|Win32
		{C47756C4-D90D-4A80-A69D-011E8D5957D8}.Unicode Release|Win32.Build.0 = Release|Win32
		{13730512-E9C1-4B2E-B1EC-EA0706F5118B}.Debug|Win32.ActiveCfg = Debug|Win32
		{13730512-E9C1-4B2E-B1EC-EA0706F5118B}.Debug|Win32.Build.0 = Debug|Win32
		{13730512-E9C1-4B2E-B1EC-EA0706F5118B}.Release_Debug|Win32.ActiveCfg = Release_Debug|Win32
		{13730512-E9C1-4B2E-B1EC-EA0706F5118B}.Release_Debug|Win32.Build.0 = Release_Debug|Win32
		{13730512-E9C1-4B2E-B1EC-EA0706F5118B}.Release|Win32.ActiveCfg = Release|Win32
		{13730512-E9C1-4B2E-B1EC-EA0706F5118B}.Release|Win32.Build.0 = Release|Win32
		{13730512-E9C1-4B2E-B1EC-EA0706F5118B}.ReleaseStatic|Win32.ActiveCfg = Release_Debug|Win32
		{13730512-E9C1-4B2E-B1EC-EA0706F5118B}.ReleaseStatic|Win32.Build.0 = Release_Debug|Win32
		{13730512-E9C1-4B2E-B1EC-EA0706F5118B}.Unicode Debug|Win32.ActiveCfg = Debug|Win32
		{13730512-E9C1-4B2E-B1EC-EA0706F5118B}.Unicode Debug|Win32.Build.0 = Debug|Win32
		{13730512-E9C1-4B2E-B1EC-EA0706F5118B}.Unicode Release|Win32.ActiveCfg = Release|Win32
		{13730512-E9C1-4B2E-B1EC-EA0706F5118B}.Unicode Release|Win32.Build.0 = Release|Win32
		{40FD3552-26B3-4916-930E-3FFD08EF6583}.Debug|Win32.ActiveCfg = Debug|Win32
		{40FD3552-26B3-4916-930E-3FFD08EF6583}.Debug|Win32.Build.0 = Debug|Win32
		{40FD3552-26B3-4916-930E-3FFD08EF6583}.Release_Debug|Win32.ActiveCfg = Release_Debug|Win32
		{40FD3552-26B3-4916-930E-3FFD08EF6583}.Release_Debug|Win32.Build.0 = Release_Debug|Win32
		{40FD3552-26B3-4916-930E-3FFD08EF6583}.Release|Win32.ActiveCfg = Release|Win32
		{40FD3552-26B3-4916-930E-3FFD08EF6583}.Release|Win32.Build.0 = Release|Win32
		{40FD3552-26B3-4916-930E-3FFD08EF6583}.ReleaseStatic|Win32.ActiveCfg = Release_Debug|Win32
		{40FD3552-26B3-4916-930E-3FFD08EF6583}.ReleaseStatic|Win32.Build.0 = Release_Debug|Win32
		{40FD3552-26B3-4916-930E-3FFD08EF6583}.Unicode Debug|Win32.ActiveCfg = Debug|Win32
		{40FD3552-26B3-4916-930E-3FFD08EF6583}.Unicode Debug|Win32.Build.0 = Debug|Win32
		{40FD3552-26B3-4916-930E-3FFD08EF6583}.Unicode Release|Win32.ActiveCfg = Release|Win32
		{40FD3552-26B3-4916-930E-3FFD08EF6583}.Unicode Release|Win32.Build.0 = Release|Win32
		{FD9B7789-8601-42D7-800D-9DA500CDA0EF}.Debug|Win32.ActiveCfg = Debug|Win32
		{FD9B7789-8601-42D7-800D-9DA500CDA0EF}.Debug|Win32.Build.0 = Debug|Win32
		{FD9B7789-8601-42D7-800D-9DA500CDA0EF}.Release_Debug|Win32.ActiveCfg = Release_Debug|Win32
		{FD9B7789-8601-42D7-800D-9DA500CDA0EF}.Release_Debug|Win32.Build.0 = Release_Debug|Win32
		{FD9B7789-8601-42D7-800D-9DA500CDA0EF}.Release|Win32.ActiveCfg = Release|Win32
		{FD9B7789-8601-42D7-800D-9DA500CDA0EF}.Release|Win32.Build.0 = Release|Win32
		{FD9B7789-8601-42D7-800D-9DA500CDA0EF}.ReleaseStatic|Win32.ActiveCfg = Release_Debug|Win32
		{FD9B7789-8601-42D7-800D-9DA500CDA0EF}.ReleaseStatic|Win32.Build.0 = Release_Debug|Win32
		{FD9B7789-8601-42D7-800D-9DA500CDA0EF}.Unicode Debug|Win32.ActiveCfg = Debug|Win32
		{FD9B7789-8601-42D7-800D-9DA500CDA0EF}.Unicode Debug|Win32.Build.0 = Debug|Win32
		{FD9B7789-8601-42D7-800D-9DA500CDA0EF}.Unicode Release|Win32.ActiveCfg = Release|Win32
		{FD9B7789-8601-42D7-800D-9DA500CDA0EF}.Unicode Release|Win32.Build.0 = Release|Win32
		{9472AF6C-54C9-4ED6-AAD3-3377969D82A2}.Debug|Win32.ActiveCfg = Debug|Win32
		{9472AF6C-54C9-4ED6-AAD3-3377969D82A2}.Debug|Win32.Build.0 = Debug|Win32
		{9472AF6C-54C9-4ED6-AAD3-3377969D82A2}.Release_Debug|Win32.ActiveCfg = Release_Debug|Win32
		{9472AF6C-54C9-4ED6-AAD3-3377969D82A2}.Release_Debug|Win32.Build.0 = Release_Debug|Win32
		{9472AF6C-54C9-4ED6-AAD3-3377969D82A2}.Release|Win32.ActiveCfg = Release|Win32
		{9472AF6C-54C9-4ED6-AAD3-3377969D82A2}.Release|Win32.Build.0 = Release|Win32
		{9472AF6C-54C9-4ED6-AAD3-3377969D82A2}.ReleaseStatic|Win32.ActiveCfg = Release_Debug|Win32
		{9472AF6C-54C9-4ED6-AAD3-3377969D82A2}.ReleaseStatic|Win32.Build.0 = Release_Debug|Win32
		{9472AF6C-54C9-4ED6-AAD3-3377969D82A2}.Unicode Debug|Win32.ActiveCfg = Debug|Win32
		{9472AF6C-54C9-4ED6-AAD3-3377969D82A2}.Unicode Debug|Win32.Build.0 = Debug|Win32
		{9472AF6C-54C9-4ED6-AAD3-3377969D82A2}.Unicode Release|Win32.ActiveCfg = Release|Win32
		{9472AF6C-54C9-4ED6-AAD3-3377969D82A2}.Unicode Release|Win32.Build.0 = Release|Win32
		{ACFB7BDC-8BC3-4349-BE37-5328322CBC4F}.Debug|Win32.ActiveCfg = Debug|Win32
		{ACFB7BDC-8BC3-4349-BE37-5328322CBC4F}.Debug|Win32.Build.0 = Debug|Win32
		{ACFB7BDC-8BC3-4349-BE37-5328322CBC4F}.Release_Debug|Win32.ActiveCfg = Release_Debug|Win32
		{ACFB7BDC-8BC3-4349-BE37-5328322CBC4F}.Release_Debug|Win32.Build.0 = Release_Debug|Win32
		{ACFB7BDC-8BC3-4349-BE37-5328322CBC4F}.Release|Win32.ActiveCfg = Release|Win32
		{ACFB7BDC-8BC3-4349-BE37-5328322CBC4F}.Release|Win32.Build.0 = Release|Win32
		{ACFB7BDC-8BC3-4349-BE37-5328322CBC4F}.ReleaseStatic|Win32.ActiveCfg = Release_Debug|Win32
		{ACFB7BDC-8BC3-4349-BE37-5328322CBC4F}.ReleaseStatic|Win32.Build.0 = Release_Debug|Win32
		{ACFB7BDC-8BC3-4349-BE37-5328322CBC4F}.Unicode Debug|Win32.ActiveCfg = Debug|Win32
		{ACFB7BDC-8BC3-4349-BE37-5328322CBC4F}.Unicode Debug|Win32.Build.0 = Debug|Win32
		{ACFB7BDC-8BC3-4349-BE37-5328322CBC4F}.Unicode Release|Win32.ActiveCfg = Release|Win32
		{ACFB7BDC-8BC3-4349-BE37-5328322CBC4F}.Unicode Release|Win32.Build.0 = Release|Win32
		{564200AB-3C1C-4A69-B36C-E1D2DA4D0697}.Debug|Win32.ActiveCfg = Debug|Win32
		{564200AB-3C1C-4A69-B36C-E1D2DA4D0697}.Debug|Win32.Build.0 = Debug|Win32
		{564200AB-3C1C-4A69-B36C-E1D2DA4D0697}.Release_Debug|Win32.ActiveCfg = Release_Debug|Win32
		{564200AB-3C1C-4A69-B36C-E1D2DA4D0697}.Release_Debug|Win32.Build.0 = Release_Debug|Win32
		{564200AB-3C1C-4A69-B36C-E1D2DA4D0697}.Release|Win32.ActiveCfg = Release|Win32
		{564200AB-3C1C-4A69-B36C-E1D2DA4D0697}.Release|Win32.Build.0 = Release|Win32
		{564200AB-3C1C-4A69-B36C-E1D2DA4D0697}.ReleaseStatic|Win32.ActiveCfg = Release_Debug|Win32
		{564200AB-3C1C-4A69-B36C-E1D2DA4D0697}.ReleaseStatic|Win32.Build.0 = Release_Debug|Win32
		{564200AB-3C1C-4A69-B36C-E1D2DA4D0697}.Unicode Debug|Win32.ActiveCfg = Debug|Win32
		{564200AB-3C1C-4A69-B36C-E1D2DA4D0697}.Unicode Debug|Win32.Build.0 = Debug|Win32
		{564200AB-3C1C-4A69-B36C-E1D2DA4D0697}.Unicode Release|Win32.ActiveCfg = Release|Win32
		{564200AB-3C1C-4A69-B36C-E1D2DA4D0697}.Unicode Release|Win32.Build.0 = Release|Win32
		{1F69CBC5-A1E0-4462-BB13-D51136F58B9D}.Debug|Win32.ActiveCfg = Debug|Win32
		{1F69CBC5-A1E0-4462-BB13-D51136F58B9D}.Debug|Win32.Build.0 = Debug|Win32
		{1F69CBC5-A1E0-4462-BB13-D51136F58B9D}.Release_Debug|Win32.ActiveCfg = Release_Debug|Win32
		{1F69CBC5-A1E0-4462-BB13-D51136F58B9D}.Release_Debug|Win32.Build.0 = Release_Debug|Win32
		{1F69CBC5-A1E0-4462-BB13-D51136F58B9D}.Release|Win32.ActiveCfg = Release|Win32
		{1F69CBC5-A1E0-4462-BB13-D51136F58B9D}.Release|Win32.Build.0 = Release|Win32
		{1F69CBC5-A1E0-4462-BB13-D51136F58B9D}.ReleaseStatic|Win32.ActiveCfg = Release_Debug|Win32
		{1F69CBC5-A1E0-4462-BB13-D51136F58B9D}.ReleaseStatic|Win32.Build.0 = Release_Debug|Win32
		{1F69CBC5-A1E0-4462-BB13-D51136F58B9D}.Unicode Debug|Win32.ActiveCfg = Debug|Win32
		{1F69CBC5-A1E0-4462-BB13-D51136F58B9D}.Unicode Debug|Win32.Build.0 = Debug|Win32
		{1F69CBC5-A1E0-4462-BB13-D51136F58B9D}.Unicode Release|Win32.ActiveCfg = Release|Win32
		{1F69CBC5-A1E0-4462-BB13-D51136F58B9D}.Unicode Release|Win32.Build.0 = Release|Win32
		{6FFF0E27-D5DE-47AC-8DF2-BDABD112026D}.Debug|Win32.ActiveCfg = Debug|Win32
		{6FFF0E27-D5DE-47AC-8DF2-BDABD112026D}.Debug|Win32.Build.0 = Debug|Win32
		{6FFF0E27-D5DE-47AC-8DF2-BDABD112026D}.Release_Debug|Win32.ActiveCfg = Release_Debug|Win32
		{6FFF0E27-D5DE-47AC-8DF2-BDABD112026D}.Release_Debug|Win32.Build.0 = Release_Debug|Win32
		{6FFF0E27-D5DE-47AC-8DF2-BDABD112026D}.Release|Win32.ActiveCfg = Release|Win32
		{6FFF0E27-D5DE-47AC-8DF2-BDABD112026D}.Release|Win32.Build.0 = Release|Win32
		{6FFF0E27-D5DE-47AC-8DF2-BDABD112026D}.ReleaseStatic|Win32.ActiveCfg = Release_Debug|Win32
		{6FFF0E27-D5DE-47AC-8DF2-BDABD112026D}.ReleaseStatic|Win32.Build.0 = Release_Debug|Win32
		{6FFF0E27-D5DE-47AC-8DF2-BDABD112026D}.Unicode Debug|Win32.ActiveCfg = Debug|Win32
		{6FFF0E27-D5DE-47AC-8DF2-BDABD112026D}.Unicode Debug|Win32.Build.0 = Debug|Win32
		{6FFF0E27-D5DE-47AC-8DF2-BDABD112026D}.Unicode Release|Win32.ActiveCfg = Release|Win32
		{6FFF0E27-D5DE-47AC-8DF2-BDABD112026D}.Unicode Release|Win32.Build.0 = Release|Win32
		{2B674241-D458-4E24-B330-EA9687DCEFE9}.Debug|Win32.ActiveCfg = Debug|Win32
		{2B674241-D458-4E24-B330-EA9687DCEFE9}.Debug|Win32.Build.0 = Debug|Win32
		{2B674241-D458-4E24-B330-EA9687DCEFE9}.Release_Debug|Win32.ActiveCfg = Release_Debug|Win32
		{2B674241-D458-4E24-B330-EA9687DCEFE9}.Release_Debug|Win32.Build.0 = Release_Debug|Win32
		{2B674241-D458-4E24-B330-EA9687DCEFE9}.Release|Win32.ActiveCfg = Release|Win32
		{2B674241-D458-4E24-B330-EA9687DCEFE9}.Release|Win32.Build.0 = Release|Win32
		{2B674241-D458-4E24-B330-EA9687DCEFE9}.ReleaseStatic|Win32.ActiveCfg = Release_Debug|Win32
		{2B674241-D458-4E24-B330-EA9687DCEFE9}.ReleaseStatic|Win32.Build.0 = Release_Debug|Win32
		{2B674241-D458-4E24-B330-EA9687DCEFE9}.Unicode Debug|Win32.ActiveCfg = Debug|Win32
		{2B674241-D458-4E24-B330-EA9687DCEFE9}.Unicode Debug|Win32.Build.0 = Debug|Win32
		{2B674241-D458-4E24-B330-EA9687DCEFE9}.Unicode Release|Win32.ActiveCfg = Release|Win32
		{2B674241-D458-4E24-B330-EA9687DCEFE9}.Unicode Release|Win32.Build.0 = Release|Win32
		{9F3179F8-85FF-4ECF-A929-4FC8EDAF5856}.Debug|Win32.ActiveCfg = Debug|Win32
		{9F3179F8-85FF-4ECF-A929-4FC8EDAF5856}.Debug|Win32.Build.0 = Debug|Win32
		{9F3179F8-85FF-4ECF-A929-4FC8EDAF5856}.Release_Debug|Win32.ActiveCfg = Release_Debug|Win32
		{9F3179F8-85FF-4ECF-A929-4FC8EDAF5856}.Release_Debug|Win32.Build.0 = Release_Debug|Win32
		{9F3179F8-85FF-4ECF-A929-4FC8EDAF5856}.Release|Win32.ActiveCfg = Release|Win32
		{9F3179F8-85FF-4ECF-A929-4FC8EDAF5856}.Release|Win32.Build.0 = Release|Win32
		{9F3179F8-85FF-4ECF-A929-4FC8EDAF5856}.ReleaseStatic|Win32.ActiveCfg = Release_Debug|Win32
		{9F3179F8-85FF-4ECF-A929-4FC8EDAF5856}.ReleaseStatic|Win32.Build.0 = Release_Debug|Win32
		{9F3179F8-85FF-4ECF-A929-4FC8EDAF5856}.Unicode Debug|Win32.ActiveCfg = Debug|Win32
		{9F3179F8-85FF-4ECF-A929-4FC8EDAF5856}.Unicode Debug|Win32.Build.0 = Debug|Win32
		{9F3179F8-85FF-4ECF-A929-4FC8EDAF5856}.Unicode Release|Win32.ActiveCfg = Release|Win32
		{9F3179F8-85FF-4ECF-A929-4FC8EDAF5856}.Unicode Release|Win32.Build.0 = Release|Win32
		{9CB1615D-2DC6-4748-843E-438E18DF1719}.Debug|Win32.ActiveCfg = Debug|Win32
		{9CB1615D-2DC6-4748-843E-438E18DF1719}.Debug|Win32.Build.0 = Debug|Win32
		{9CB1615D-2DC6-4748-843E-438E18DF1719}.Release_Debug|Win32.ActiveCfg = Release_Debug|Win32
		{9CB1615D-2DC6-4748-843E-438E18DF1719}.Release_Debug|Win32.Build.0 = Release_Debug|Win32
		{9CB1615D-2DC6-4748-843E-438E18DF1719}.Release|Win32.ActiveCfg = Release|Win32
		{9CB1615D-2DC6-4748-843E-438E18DF1719}.Release|Win32.Build.0 = Release|Win32
		{9CB1615D-2DC6-4748-843E-438E18DF1719}.ReleaseStatic|Win32.ActiveCfg = Release_Debug|Win32
		{9CB1615D-2DC6-4748-843E-438E18DF1719}.ReleaseStatic|Win32.Build.0 = Release_Debug|Win32
		{9CB1615D-2DC6-4748-843E-438E18DF1719}.Unicode Debug|Win32.ActiveCfg = Debug|Win32
		{9CB1615D-2DC6-4748-843E-438E18DF1719}.Unicode Debug|Win32.Build.0 = Debug|Win32
		{9CB1615D-2DC6-4748-843E-438E18DF1719}.Unicode Release|Win32.ActiveCfg = Release|Win32
		{9CB1615D-2DC6-4748-843E-438E18DF1719}.Unicode Release|Win32.Build.0 = Release|Win32
		{8FB63B77-41D7-42EF-AB12-DDCA5F7CFCC6}.Debug|Win32.ActiveCfg = Debug|Win32
		{8FB63B77-41D7-42EF-AB12-DDCA5F7CFCC6}.Debug|Win32.Build.0 = Debug|Win32
		{8FB63B77-41D7-42EF-AB12-DDCA5F7CFCC6}.Release_Debug|Win32.ActiveCfg = Release_Debug|Win32
		{8FB63B77-41D7-42EF-AB12-DDCA5F7CFCC6}.Release_Debug|Win32.Build.0 = Release_Debug|Win32
		{8FB63B77-41D7-42EF-AB12-DDCA5F7CFCC6}.Release|Win32.ActiveCfg = Release|Win32
		{8FB63B77-41D7-42EF-AB12-DDCA5F7CFCC6}.Release|Win32.Build.0 = Release|Win32
		{8FB63B77-41D7-42EF-AB12-DDCA5F7CFCC6}.ReleaseStatic|Win32.ActiveCfg = Release_Debug|Win32
		{8FB63B77-41D7-42EF-AB12-DDCA5F7CFCC6}.ReleaseStatic|Win32.Build.0 = Release_Debug|Win32
		{8FB63B77-41D7-42EF-AB12-DDCA5F7CFCC6}.Unicode Debug|Win32.ActiveCfg = Debug|Win32
		{8FB63B77-41D7-42EF-AB12-DDCA5F7CFCC6}.Unicode Debug|Win32.Build.0 = Debug|Win32
		{8FB63B77-41D7-42EF-AB12-DDCA5F7CFCC6}.Unicode Release|Win32.ActiveCfg = Release|Win32
		{8FB63B77-41D7-42EF-AB12-DDCA5F7CFCC6}.Unicode Release|Win32.Build.0 = Release|Win32
		{18163964-AE99-46E3-8FAC-9BE49D14D190}.Debug|Win32.ActiveCfg = Debug|Win32
		{18163964-AE99-46E3-8FAC-9BE49D14D190}.Debug|Win32.Build.0 = Debug|Win32
		{18163964-AE99-46E3-8FAC-9BE49D14D190}.Release_Debug|Win32.ActiveCfg = Release_Debug|Win32
		{18163964-AE99-46E3-8FAC-9BE49D14D190}.Release_Debug|Win32.Build.0 = Release_Debug|Win32
		{18163964-AE99-46E3-8FAC-9BE49D14D190}.Release|Win32.ActiveCfg = Release|Win32
		{18163964-AE99-46E3-8FAC-9BE49D14D190}.Release|Win32.Build.0 = Release|Win32
		{18163964-AE99-46E3-8FAC-9BE49D14D190}.ReleaseStatic|Win32.ActiveCfg = Release_Debug|Win32
		{18163964-AE99-46E3-8FAC-9BE49D14D190}.ReleaseStatic|Win32.Build.0 = Release_Debug|Win32
		{18163964-AE99-46E3-8FAC-9BE49D14D190}.Unicode Debug|Win32.ActiveCfg = Debug|Win32
		{18163964-AE99-46E3-8FAC-9BE49D14D190}.Unicode Debug|Win32.Build.0 = Debug|Win32
		{18163964-AE99-46E3-8FAC-9BE49D14D190}.Unicode Release|Win32.ActiveCfg = Release|Win32
		{18163964-AE99-46E3-8FAC-9BE49D14D190}.Unicode Release|Win32.Build.0 = Release|Win32
		{0AF7B21A-82F4-4CB2-B597-0625A893C28E}.Debug|Win32.ActiveCfg = Debug|Win32
		{0AF7B21A-82F4-4CB2-B597-0625A893C28E}.Debug|Win32.Build.0 = Debug|Win32
		{0AF7B21A-82F4-4CB2-B597-0625A893C28E}.Release_Debug|Win32.ActiveCfg = Release_Debug|Win32
		{0AF7B21A-82F4-4CB2-B597-0625A893C28E}.Release_Debug|Win32.Build.0 = Release_Debug|Win32
		{0AF7B21A-82F4-4CB2-B597-0625A893C28E}.Release|Win32.ActiveCfg = Release|Win32
		{0AF7B21A-82F4-4CB2-B597-0625A893C28E}.Release|Win32.Build.0 = Release|Win32
		{0AF7B21A-82F4-4CB2-B597-0625A893C28E}.ReleaseStatic|Win32.ActiveCfg = Release_Debug|Win32
		{0AF7B21A-82F4-4CB2-B597-0625A893C28E}.ReleaseStatic|Win32.Build.0 = Release_Debug|Win32
		{0AF7B21A-82F4-4CB2-B597-0625A893C28E}.Unicode Debug|Win32.ActiveCfg = Debug|Win32
		{0AF7B21A-82F4-4CB2-B597-0625A893C28E}.Unicode Debug|Win32.Build.0 = Debug|Win32
		{0AF7B21A-82F4-4CB2-B597-0625A893C28E}.Unicode Release|Win32.ActiveCfg = Release|Win32
		{0AF7B21A-82F4-4CB2-B597-0625A893C28E}.Unicode Release|Win32.Build.0 = Release|Win32
		{B43917E5-E562-4E92-A058-1FF1B7C6D60B}.Debug|Win32.ActiveCfg = Debug|Win32
		{B43917E5-E562-4E92-A058-1FF1B7C6D60B}.Debug|Win32.Build.0 = Debug|Win32
		{B43917E5-E562-4E92-A058-1FF1B7C6D60B}.Release_Debug|Win32.ActiveCfg = Release_Debug|Win32
		{B43917E5-E562-4E92-A058-1FF1B7C6D60B}.Release_Debug|Win32.Build.0 = Release_Debug|Win32
		{B43917E5-E562-4E92-A058-1FF1B7C6D60B}.Release|Win32.ActiveCfg = Release|Win32
		{B43917E5-E562-4E92-A058-1FF1B7C6D60B}.Release|Win32.Build.0 = Release|Win32
		{B43917E5-E562-4E92-A058-1FF1B7C6D60B}.ReleaseStatic|Win32.ActiveCfg = Release_Debug|Win32
		{B43917E5-E562-4E92-A058-1FF1B7C6D60B}.ReleaseStatic|Win32.Build.0 = Release_Debug|Win32
		{B43917E5-E562-4E92-A058-1FF1B7C6D60B}.Unicode Debug|Win32.ActiveCfg = Debug|Win32
		{B43917E5-E562-4E92-A058-1FF1B7C6D60B}.Unicode Debug|Win32.Build.0 = Debug|Win32
		{B43917E5-E562-4E92-A058-1FF1B7C6D60B}.Unicode Release|Win32.ActiveCfg = Release|Win32
		{B43917E5-E562-4E92-A058-1FF1B7C6D60B}.Unicode Release|Win32.Build.0 = Release|Win32
		{E751549C-B576-484B-9340-645C3E849A2E}.Debug|Win32.ActiveCfg = Debug|Win32
		{E751549C-B576-484B-9340-645C3E849A2E}.Debug|Win32.Build.0 = Debug|Win32
		{E751549C-B576-484B-9340-645C3E849A2E}.Release_Debug|Win32.ActiveCfg = Release_Debug|Win32
		{E751549C-B576-484B-9340-645C3E849A2E}.Release_Debug|Win32.Build.0 = Release_Debug|Win32
		{E751549C-B576-484B-9340-645C3E849A2E}.Release|Win32.ActiveCfg = Release|Win32
		{E751549C-B576-484B-9340-645C3E849A2E}.Release|Win32.Build.0 = Release|Win32
		{E751549C-B576-484B-9340-645C3E849A2E}.ReleaseStatic|Win32.ActiveCfg = Release_Debug|Win32
		{E751549C-B576-484B-9340-645C3E849A2E}.ReleaseStatic|Win32.Build.0 = Release_Debug|Win32
		{E751549C-B576-484B-9340-645C3E849A2E}.Unicode Debug|Win32.ActiveCfg = Debug|Win32
		{E751549C-B576-484B-9340-645C3E849A2E}.Unicode Debug|Win32.Build.0 = Debug|Win32
		{E751549C-B576-484B-9340-645C3E849A2E}.Unicode Release|Win32.ActiveCfg = Release|Win32
		{E751549C-B576-484B-9340-645C3E849A2E}.Unicode Release|Win32.Build.0 = Release|Win32
		{E0B22D23-7CDC-47D4-9AD5-CAC674EC13F9}.Debug|Win32.ActiveCfg = Debug|Win32
		{E0B22D23-7CDC-47D4-9AD5-CAC674EC13F9}.Debug|Win32.Build.0 = Debug|Win32
		{E0B22D23-7CDC-47D4-9AD5-CAC674EC13F9}.Release_Debug|Win32.ActiveCfg = Release_Debug|Win32
		{E0B22D23-7CDC-47D4-9AD5-CAC674EC13F9}.Release_Debug|Win32.Build.0 = Release_Debug|Win32
		{E0B22D23-7CDC-47D4-9AD5-CAC674EC13F9}.Release|Win32.ActiveCfg = Release|Win32
		{E0B22D23-7CDC-47D4-9AD5-CAC674EC13F9}.Release|Win32.Build.0 = Release|Win32
		{E0B22D23-7CDC-47D4-9AD5-CAC674EC13F9}.ReleaseStatic|Win32.ActiveCfg = Release_Debug|Win32
		{E0B22D23-7CDC-47D4-9AD5-CAC674EC13F9}.ReleaseStatic|Win32.Build.0 = Release_Debug|Win32
		{E0B22D23-7CDC-47D4-9AD5-CAC674EC13F9}.Unicode Debug|Win32.ActiveCfg = Debug|Win32
		{E0B22D23-7CDC-47D4-9AD5-CAC674EC13F9}.Unicode Debug|Win32.Build.0 = Debug|Win32
		{E0B22D23-7CDC-47D4-9AD5-CAC674EC13F9}.Unicode Release|Win32.ActiveCfg = Release|Win32
		{E0B22D23-7CDC-47D4-9AD5-CAC674EC13F9}.Unicode Release|Win32.Build.0 = Release|Win32
		{F8A87C17-66CB-44B3-84BE-824454956444}.Debug|Win32.ActiveCfg = Debug|Win32
		{F8A87C17-66CB-44B3-84BE-824454956444}.Debug|Win32.Build.0 = Debug|Win32
		{F8A87C17-66CB-44B3-84BE-824454956444}.Release_Debug|Win32.ActiveCfg = Release_Debug|Win32
		{F8A87C17-66CB-44B3-84BE-824454956444}.Release_Debug|Win32.Build.0 = Release_Debug|Win32
		{F8A87C17-66CB-44B3-84BE-824454956444}.Release|Win32.ActiveCfg = Release|Win32
		{F8A87C17-66CB-44B3-84BE-824454956444}.Release|Win32.Build.0 = Release|Win32
		{F8A87C17-66CB-44B3-84BE-824454956444}.ReleaseStatic|Win32.ActiveCfg = Release_Debug|Win32
		{F8A87C17-66CB-44B3-84BE-824454956444}.ReleaseStatic|Win32.Build.0 = Release_Debug|Win32
		{F8A87C17-66CB-44B3-84BE-824454956444}.Unicode Debug|Win32.ActiveCfg = Debug|Win32
		{F8A87C17-66CB-44B3-84BE-824454956444}.Unicode Debug|Win32.Build.0 = Debug|Win32
		{F8A87C17-66CB-44B3-84BE-824454956444}.Unicode Release|Win32.ActiveCfg = Release|Win32
		{F8A87C17-66CB-44B3-84BE-824454956444}.Unicode Release|Win32.Build.0 = Release|Win32
		{1D223B54-7B7F-41C1-862B-0E06B60CB6FE}.Debug|Win32.ActiveCfg = Debug|Win32
		{1D223B54-7B7F-41C1-862B-0E06B60CB6FE}.Debug|Win32.Build.0 = Debug|Win32
		{1D223B54-7B7F-41C1-862B-0E06B60CB6FE}.Release_Debug|Win32.ActiveCfg = Release_Debug|Win32
		{1D223B54-7B7F-41C1-862B-0E06B60CB6FE}.Release_Debug|Win32.Build.0 = Release_Debug|Win32
		{1D223B54-7B7F-41C1-862B-0E06B60CB6FE}.Release|Win32.ActiveCfg = Release|Win32
		{1D223B54-7B7F-41C1-862B-0E06B60CB6FE}.Release|Win32.Build.0 = Release|Win32
		{1D223B54-7B7F-41C1-862B-0E06B60CB6FE}.ReleaseStatic|Win32.ActiveCfg = Release_Debug|Win32
		{1D223B54-7B7F-41C1-862B-0E06B60CB6FE}.ReleaseStatic|Win32.Build.0 = Release_Debug|Win32
		{1D223B54-7B7F-41C1-862B-0E06B60CB6FE}.Unicode Debug|Win32.ActiveCfg = Debug|Win32
		{1D223B54-7B7F-41C1-862B-0E06B60CB6FE}.Unicode Debug|Win32.Build.0 = Debug|Win32
		{1D223B54-7B7F-41C1-862B-0E06B60CB6FE}.Unicode Release|Win32.ActiveCfg = Release|Win32
		{1D223B54-7B7F-41C1-862B-0E06B60CB6FE}.Unicode Release|Win32.Build.0 = Release|Win32
		{31589DDA-D0DB-4A61-AC4E-21B0640E2E57}.Debug|Win32.ActiveCfg = Debug|Win32
		{31589DDA-D0DB-4A61-AC4E-21B0640E2E57}.Debug|Win32.Build.0 = Debug|Win32
		{31589DDA-D0DB-4A61-AC4E-21B0640E2E57}.Release_Debug|Win32.ActiveCfg = Release_Debug|Win32
		{31589DDA-D0DB-4A61-AC4E-21B0640E2E57}.Release_Debug|Win32.Build.0 = Release_Debug|Win32
		{31589DDA-D0DB-4A61-AC4E-21B0640E2E57}.Release|Win32.ActiveCfg = Release|Win32
		{31589DDA-D0DB-4A61-AC4E-21B0640E2E57}.Release|Win32.Build.0 = Release|Win32
		{31589DDA-D0DB-4A61-AC4E-21B0640E2E57}.ReleaseStatic|Win32.ActiveCfg = Release_Debug|Win32
		{31589DDA-D0DB-4A61-AC4E-21B0640E2E57}.ReleaseStatic|Win32.Build.0 = Release_Debug|Win32
		{31589DDA-D0DB-4A61-AC4E-21B0640E2E57}.Unicode Debug|Win32.ActiveCfg = Debug|Win32
		{31589DDA-D0DB-4A61-AC4E-21B0640E2E57}.Unicode Debug|Win32.Build.0 = Debug|Win32
		{31589DDA-D0DB-4A61-AC4E-21B0640E2E57}.Unicode Release|Win32.ActiveCfg = Release|Win32
		{31589DDA-D0DB-4A61-AC4E-21B0640E2E57}.Unicode Release|Win32.Build.0 = Release|Win32
		{283932C9-67B1-41BF-B5FC-F90F1344399C}.Debug|Win32.ActiveCfg = Debug|Win32
		{283932C9-67B1-41BF-B5FC-F90F1344399C}.Debug|Win32.Build.0 = Debug|Win32
		{283932C9-67B1-41BF-B5FC-F90F1344399C}.Release_Debug|Win32.ActiveCfg = Release_Debug|Win32
		{283932C9-67B1-41BF-B5FC-F90F1344399C}.Release_Debug|Win32.Build.0 = Release_Debug|Win32
		{283932C9-67B1-41BF-B5FC-F90F1344399C}.Release|Win32.ActiveCfg = Release|Win32
		{283932C9-67B1-41BF-B5FC-F90F1344399C}.Release|Win32.Build.0 = Release|Win32
		{283932C9-67B1-41BF-B5FC-F90F1344399C}.ReleaseStatic|Win32.ActiveCfg = Release_Debug|Win32
		{283932C9-67B1-41BF-B5FC-F90F1344399C}.ReleaseStatic|Win32.Build.0 = Release_Debug|Win32
		{283932C9-67B1-41BF-B5FC-F90F1344399C}.Unicode Debug|Win32.ActiveCfg = Debug|Win32
		{283932C9-67B1-41BF-B5FC-F90F1344399C}.Unicode Debug|Win32.Build.0 = Debug|Win32
		{283932C9-67B1-41BF-B5FC-F90F1344399C}.Unicode Release|Win32.ActiveCfg = Release|Win32
		{283932C9-67B1-41BF-B5FC-F90F1344399C}.Unicode Release|Win32.Build.0 = Release|Win32
		{20D4FD54-AD9C-4C93-896F-D44BD718622B}.Debug|Win32.ActiveCfg = Debug|Win32
		{20D4FD54-AD9C-4C93-896F-D44BD718622B}.Debug|Win32.Build.0 = Debug|Win32
		{20D4FD54-AD9C-4C93-896F-D44BD718622B}.Release_Debug|Win32.ActiveCfg = Release_Debug|Win32
		{20D4FD54-AD9C-4C93-896F-D44BD718622B}.Release_Debug|Win32.Build.0 = Release_Debug|Win32
		{20D4FD54-AD9C-4C93-896F-D44BD718622B}.Release|Win32.ActiveCfg = Release|Win32
		{20D4FD54-AD9C-4C93-896F-D44BD718622B}.Release|Win32.Build.0 = Release|Win32
		{20D4FD54-AD9C-4C93-896F-D44BD718622B}.ReleaseStatic|Win32.ActiveCfg = Release_Debug|Win32
		{20D4FD54-AD9C-4C93-896F-D44BD718622B}.ReleaseStatic|Win32.Build.0 = Release_Debug|Win32
		{20D4FD54-AD9C-4C93-896F-D44BD718622B}.Unicode Debug|Win32.ActiveCfg = Debug|Win32
		{20D4FD54-AD9C-4C93-896F-D44BD718622B}.Unicode Debug|Win32.Build.0 = Debug|Win32
		{20D4FD54-AD9C-4C93-896F-D44BD718622B}.Unicode Release|Win32.ActiveCfg = Release|Win32
		{20D4FD54-AD9C-4C93-896F-D44BD718622B}.Unicode Release|Win32.Build.0 = Release|Win32
		{B9703D69-2232-494E-8EED-66CCA45FD56C}.Debug|Win32.ActiveCfg = Debug|Win32
		{B9703D69-2232-494E-8EED-66CCA45FD56C}.Debug|Win32.Build.0 = Debug|Win32
		{B9703D69-2232-494E-8EED-66CCA45FD56C}.Release_Debug|Win32.ActiveCfg = Release_Debug|Win32
		{B9703D69-2232-494E-8EED-66CCA45FD56C}.Release_Debug|Win32.Build.0 = Release_Debug|Win32
		{B9703D69-2232-494E-8EED-66CCA45FD56C}.Release|Win32.ActiveCfg = Release|Win32
		{B9703D69-2232-494E-8EED-66CCA45FD56C}.Release|Win32.Build.0 = Release|Win32
		{B9703D69-2232-494E-8EED-66CCA45FD56C}.ReleaseStatic|Win32.ActiveCfg = Release_Debug|Win32
		{B9703D69-2232-494E-8EED-66CCA45FD56C}.ReleaseStatic|Win32.Build.0 = Release_Debug|Win32
		{B9703D69-2232-494E-8EED-66CCA45FD56C}.Unicode Debug|Win32.ActiveCfg = Debug|Win32
		{B9703D69-2232-494E-8EED-66CCA45FD56C}.Unicode Debug|Win32.Build.0 = Debug|Win32
		{B9703D69-2232-494E-8EED-66CCA45FD56C}.Unicode Release|Win32.ActiveCfg = Release|Win32
		{B9703D69-2232-494E-8EED-66CCA45FD56C}.Unicode Release|Win32.Build.0 = Release|Win32
		{9DEA4AC7-43FF-4455-BB92-7F7AFA942E3D}.Debug|Win32.ActiveCfg = Debug|Win32
		{9DEA4AC7-43FF-4455-BB92-7F7AFA942E3D}.Debug|Win32.Build.0 = Debug|Win32
		{9DEA4AC7-43FF-4455-BB92-7F7AFA942E3D}.Release_Debug|Win32.ActiveCfg = Release_Debug|Win32
		{9DEA4AC7-43FF-4455-BB92-7F7AFA942E3D}.Release_Debug|Win32.Build.0 = Release_Debug|Win32
		{9DEA4AC7-43FF-4455-BB92-7F7AFA942E3D}.Release|Win32.ActiveCfg = Release|Win32
		{9DEA4AC7-43FF-4455-BB92-7F7AFA942E3D}.Release|Win32.Build.0 = Release|Win32
		{9DEA4AC7-43FF-4455-BB92-7F7AFA942E3D}.ReleaseStatic|Win32.ActiveCfg = Release_Debug|Win32
		{9DEA4AC7-43FF-4455-BB92-7F7AFA942E3D}.ReleaseStatic|Win32.Build.0 = Release_Debug|Win32
		{9DEA4AC7-43FF-4455-BB92-7F7AFA942E3D}.Unicode Debug|Win32.ActiveCfg = Debug|Win32
		{9DEA4AC7-43FF-4455-BB92-7F7AFA942E3D}.Unicode Debug|Win32.Build.0 = Debug|Win32
		{9DEA4AC7-43FF-4455-BB92-7F7AFA942E3D}.Unicode Release|Win32.ActiveCfg = Release|Win32
		{9DEA4AC7-43FF-4455-BB92-7F7AFA942E3D}.Unicode Release|Win32.Build.0 = Release|Win32
		{F59B0AA7-BE6A-40BD-A127-E30E93C1DBF7}.Debug|Win32.ActiveCfg = Debug|Win32
		{F59B0AA7-BE6A-40BD-A127-E30E93C1DBF7}.Debug|Win32.Build.0 = Debug|Win32
		{F59B0AA7-BE6A-40BD-A127-E30E93C1DBF7}.Release_Debug|Win32.ActiveCfg = Release_Debug|Win32
		{F59B0AA7-BE6A-40BD-A127-E30E93C1DBF7}.Release_Debug|Win32.Build.0 = Release_Debug|Win32
		{F59B0AA7-BE6A-40BD-A127-E30E93C1DBF7}.Release|Win32.ActiveCfg = Release|Win32
		{F59B0AA7-BE6A-40BD-A127-E30E93C1DBF7}.Release|Win32.Build.0 = Release|Win32
		{F59B0AA7-BE6A-40BD-A127-E30E93C1DBF7}.ReleaseStatic|Win32.ActiveCfg = Release_Debug|Win32
		{F59B0AA7-BE6A-40BD-A127-E30E93C1DBF7}.ReleaseStatic|Win32.Build.0 = Release_Debug|Win32
		{F59B0AA7-BE6A-40BD-A127-E30E93C1DBF7}.Unicode Debug|Win32.ActiveCfg = Debug|Win32
		{F59B0AA7-BE6A-40BD-A127-E30E93C1DBF7}.Unicode Debug|Win32.Build.0 = Debug|Win32
		{F59B0AA7-BE6A-40BD-A127-E30E93C1DBF7}.Unicode Release|Win32.ActiveCfg = Release|Win32
		{F59B0AA7-BE6A-40BD-A127-E30E93C1DBF7}.Unicode Release|Win32.Build.0 = Release|Win32
		{7F8F0C01-F81D-4EC1-9FBF-823F5B6095E3}.Debug|Win32.ActiveCfg = Debug|Win32
		{7F8F0C01-F81D-4EC1-9FBF-823F5B6095E3}.Debug|Win32.Build.0 = Debug|Win32
		{7F8F0C01-F81D-4EC1-9FBF-823F5B6095E3}.Release_Debug|Win32.ActiveCfg = Release_Debug|Win32
		{7F8F0C01-F81D-4EC1-9FBF-823F5B6095E3}.Release_Debug|Win32.Build.0 = Release_Debug|Win32
		{7F8F0C01-F81D-4EC1-9FBF-823F5B6095E3}.Release|Win32.ActiveCfg = Release|Win32
		{7F8F0C01-F81D-4EC1-9FBF-823F5B6095E3}.Release|Win32.Build.0 = Release|Win32
		{7F8F0C01-F81D-4EC1-9FBF-823F5B6095E3}.ReleaseStatic|Win32.ActiveCfg = Release_Debug|Win32
		{7F8F0C01-F81D-4EC1-9FBF-823F5B6095E3}.ReleaseStatic|Win32.Build.0 = Release_Debug|Win32
		{7F8F0C01-F81D-4EC1-9FBF-823F5B6095E3}.Unicode Debug|Win32.ActiveCfg = Debug|Win32
		{7F8F0C01-F81D-4EC1-9FBF-823F5B6095E3}.Unicode Debug|Win32.Build.0 = Debug|Win32
		{7F8F0C01-F81D-4EC1-9FBF-823F5B6095E3}.Unicode Release|Win32.ActiveCfg = Release|Win32
		{7F8F0C01-F81D-4EC1-9FBF-823F5B6095E3}.Unicode Release|Win32.Build.0 = Release|Win32
		{7833A6E8-70C8-4713-8811-DBAA9F66E9E9}.Debug|Win32.ActiveCfg = Debug|Win32
		{7833A6E8-70C8-4713-8811-DBAA9F66E9E9}.Debug|Win32.Build.0 = Debug|Win32
		{7833A6E8-70C8-4713-8811-DBAA9F66E9E9}.Release_Debug|Win32.ActiveCfg = Release_Debug|Win32
		{7833A6E8-70C8-4713-8811-DBAA9F66E9E9}.Release_Debug|Win32.Build.0 = Release_Debug|Win32
		{7833A6E8-70C8-4713-8811-DBAA9F66E9E9}.Release|Win32.ActiveCfg = Release|Win32
		{7833A6E8-70C8-4713-8811-DBAA9F66E9E9}.Release|Win32.Build.0 = Release|Win32
		{7833A6E8-70C8-4713-8811-DBAA9F66E9E9}.ReleaseStatic|Win32.ActiveCfg = Release_Debug|Win32
		{7833A6E8-70C8-4713-8811-DBAA9F66E9E9}.ReleaseStatic|Win32.Build.0 = Release_Debug|Win32
		{7833A6E8-70C8-4713-8811-DBAA9F66E9E9}.Unicode Debug|Win32.ActiveCfg = Debug|Win32
		{7833A6E8-70C8-4713-8811-DBAA9F66E9E9}.Unicode Debug|Win32.Build.0 = Debug|Win32
		{7833A6E8-70C8-4713-8811-DBAA9F66E9E9}.Unicode Release|Win32.ActiveCfg = Release|Win32
		{7833A6E8-70C8-4713-8811-DBAA9F66E9E9}.Unicode Release|Win32.Build.0 = Release|Win32
		{CFEED396-E345-4AC6-80EF-21F3AC9552A4}.Debug|Win32.ActiveCfg = Debug|Win32
		{CFEED396-E345-4AC6-80EF-21F3AC9552A4}.Debug|Win32.Build.0 = Debug|Win32
		{CFEED396-E345-4AC6-80EF-21F3AC9552A4}.Release_Debug|Win32.ActiveCfg = Release_Debug|Win32
		{CFEED396-E345-4AC6-80EF-21F3AC9552A4}.Release_Debug|Win32.Build.0 = Release_Debug|Win32
		{CFEED396-E345-4AC6-80EF-21F3AC9552A4}.Release|Win32.ActiveCfg = Release|Win32
		{CFEED396-E345-4AC6-80EF-21F3AC9552A4}.Release|Win32.Build.0 = Release|Win32
		{CFEED396-E345-4AC6-80EF-21F3AC9552A4}.ReleaseStatic|Win32.ActiveCfg = Release_Debug|Win32
		{CFEED396-E345-4AC6-80EF-21F3AC9552A4}.ReleaseStatic|Win32.Build.0 = Release_Debug|Win32
		{CFEED396-E345-4AC6-80EF-21F3AC9552A4}.Unicode Debug|Win32.ActiveCfg = Debug|Win32
		{CFEED396-E345-4AC6-80EF-21F3AC9552A4}.Unicode Debug|Win32.Build.0 = Debug|Win32
		{CFEED396-E345-4AC6-80EF-21F3AC9552A4}.Unicode Release|Win32.ActiveCfg = Release|Win32
		{CFEED396-E345-4AC6-80EF-21F3AC9552A4}.Unicode Release|Win32.Build.0 = Release|Win32
		{2E750010-C066-46A3-86D9-820EBC0FFEAA}.Debug|Win32.ActiveCfg = Debug|Win32
		{2E750010-C066-46A3-86D9-820EBC0FFEAA}.Debug|Win32.Build.0 = Debug|Win32
		{2E750010-C066-46A3-86D9-820EBC0FFEAA}.Release_Debug|Win32.ActiveCfg = Release_Debug|Win32
		{2E750010-C066-46A3-86D9-820EBC0FFEAA}.Release_Debug|Win32.Build.0 = Release_Debug|Win32
		{2E750010-C066-46A3-86D9-820EBC0FFEAA}.Release|Win32.ActiveCfg = Release|Win32
		{2E750010-C066-46A3-86D9-820EBC0FFEAA}.Release|Win32.Build.0 = Release|Win32
		{2E750010-C066-46A3-86D9-820EBC0FFEAA}.ReleaseStatic|Win32.ActiveCfg = Release_Debug|Win32
		{2E750010-C066-46A3-86D9-820EBC0FFEAA}.ReleaseStatic|Win32.Build.0 = Release_Debug|Win32
		{2E750010-C066-46A3-86D9-820EBC0FFEAA}.Unicode Debug|Win32.ActiveCfg = Debug|Win32
		{2E750010-C066-46A3-86D9-820EBC0FFEAA}.Unicode Debug|Win32.Build.0 = Debug|Win32
		{2E750010-C066-46A3-86D9-820EBC0FFEAA}.Unicode Release|Win32.ActiveCfg = Release|Win32
		{2E750010-C066-46A3-86D9-820EBC0FFEAA}.Unicode Release|Win32.Build.0 = Release|Win32
	EndGlobalSection
	GlobalSection(SolutionProperties) = preSolution
		HideSolutionNode = FALSE
	EndGlobalSection
	GlobalSection(NestedProjects) = preSolution
		{3B7F4C09-1B27-43B5-810B-55ACBFF41C7C} = {F04F22E7-BB68-4947-B5FC-CA83BF95D686}
		{83CD85CC-C3FC-4D30-A600-3629EA647351} = {FD3F5D66-B71F-47AE-88FB-BAF7BC5460E9}
		{439B4670-9E56-4F32-A5AE-7E87130518D8} = {98A44227-5413-4763-A0F3-CF7077027FF8}
		{98A44227-5413-4763-A0F3-CF7077027FF8} = {FD3F5D66-B71F-47AE-88FB-BAF7BC5460E9}
		{3CF34803-E26A-4488-B97A-27F3714A8CEB} = {3B7F4C09-1B27-43B5-810B-55ACBFF41C7C}
		{B7F1950A-0D4E-4013-BBAD-A6F7DB0E9AE4} = {F0D50A5B-89EC-4B53-84C5-E544DF8D428B}
		{BD9A3150-A2D7-46D5-AE27-A8621DD11D28} = {98A44227-5413-4763-A0F3-CF7077027FF8}
		{157B4F48-FC6D-4D23-8426-2D8C5EB4E86D} = {4AC35360-08E7-432A-9A96-561E33417EF3}
		{02DE04AE-77F4-455E-879A-81843E7B6D47} = {F0D50A5B-89EC-4B53-84C5-E544DF8D428B}
		{BCB1C340-1327-466B-A280-C82DA5CCABEC} = {F0D50A5B-89EC-4B53-84C5-E544DF8D428B}
		{9FDDA989-FA57-4FDA-ADFB-73FA512CD818} = {F0D50A5B-89EC-4B53-84C5-E544DF8D428B}
		{7648452D-F662-4DB0-A9C0-B8C1FA8DE957} = {83CD85CC-C3FC-4D30-A600-3629EA647351}
		{20DAF29C-2C13-42A1-B559-D61F31F5A749} = {6852D2A6-68A9-4A41-9A52-88DEE57B4BCA}
		{1E4845AC-4629-4186-AD8F-9F51C210168F} = {6852D2A6-68A9-4A41-9A52-88DEE57B4BCA}
		{4F351DF3-5CD5-4ABF-A858-7B2898CCC0C5} = {1E4845AC-4629-4186-AD8F-9F51C210168F}
		{9066C791-6B3F-472B-B2CF-819D894AF994} = {1E4845AC-4629-4186-AD8F-9F51C210168F}
		{9B7C7571-4EEE-4ED4-80A6-03151A990489} = {20DAF29C-2C13-42A1-B559-D61F31F5A749}
		{C8BBC0CC-CA57-43F8-9B23-34F92DCC7FAF} = {9B7C7571-4EEE-4ED4-80A6-03151A990489}
		{CA62117A-DC89-4125-8F62-14065F9B04DB} = {29D8A50C-EC92-4D81-BCF8-EB35B394B72F}
		{56E2F15C-91FA-4CA7-A218-54A5153BBD0F} = {4AC35360-08E7-432A-9A96-561E33417EF3}
		{ACCC24CE-D01A-40C4-98BB-1A5C3F883026} = {157B4F48-FC6D-4D23-8426-2D8C5EB4E86D}
		{6475439E-C380-43DC-B445-A48F4342499E} = {157B4F48-FC6D-4D23-8426-2D8C5EB4E86D}
		{FA67ED9F-7FDD-4AC1-ACC3-63D1C6D8D734} = {157B4F48-FC6D-4D23-8426-2D8C5EB4E86D}
		{EDD61980-8C42-402B-8EA6-C308DC1EB3E8} = {157B4F48-FC6D-4D23-8426-2D8C5EB4E86D}
		{785105C1-F016-4787-96B8-C68CF9A40CAF} = {157B4F48-FC6D-4D23-8426-2D8C5EB4E86D}
		{6A1FF2ED-727F-4DB2-A753-FCBDB06E8537} = {157B4F48-FC6D-4D23-8426-2D8C5EB4E86D}
		{97E51A23-F623-456C-8F2E-12CCFCBA7643} = {02DE04AE-77F4-455E-879A-81843E7B6D47}
		{D6D5CAD5-EB80-4BC8-A595-18755E476F95} = {02DE04AE-77F4-455E-879A-81843E7B6D47}
		{E4E9F532-92AE-4411-8596-E2683384BB21} = {BCB1C340-1327-466B-A280-C82DA5CCABEC}
		{9160BFAD-311C-4028-A233-49A750C2672A} = {BCB1C340-1327-466B-A280-C82DA5CCABEC}
		{957D420E-543B-4DD9-A7F7-F210250644A1} = {BCB1C340-1327-466B-A280-C82DA5CCABEC}
		{0FE2E794-66B3-4B33-B3A5-93E0EBD6A5EB} = {BCB1C340-1327-466B-A280-C82DA5CCABEC}
		{D6655FB4-4A10-4A84-87A0-70A13D400768} = {B7F1950A-0D4E-4013-BBAD-A6F7DB0E9AE4}
		{70010A41-2719-4E68-993A-FE770CC0FAA4} = {B7F1950A-0D4E-4013-BBAD-A6F7DB0E9AE4}
		{D9DD617B-75A0-46AF-B797-91F12F9580D0} = {B7F1950A-0D4E-4013-BBAD-A6F7DB0E9AE4}
		{A33C5706-F8E8-4B86-8E31-BF34A811A3F3} = {9FDDA989-FA57-4FDA-ADFB-73FA512CD818}
		{9F4A1B7A-DFD4-4990-8778-7CC52505CBA0} = {EDFDB48E-E8F5-4985-A27D-DAA5C6C03B6B}
		{387DD219-E54C-4D24-8220-12E6FCC1AAA6} = {EDFDB48E-E8F5-4985-A27D-DAA5C6C03B6B}
		{75112DE1-B35C-4D61-963B-FAE42DEFCBCD} = {3B7F4C09-1B27-43B5-810B-55ACBFF41C7C}
		{C67B5747-8F75-4AD7-A874-48978BE27081} = {3CF34803-E26A-4488-B97A-27F3714A8CEB}
		{F849AD4D-6927-4298-8826-722CBBEBE35B} = {3B7F4C09-1B27-43B5-810B-55ACBFF41C7C}
		{7A941688-89E1-475F-A1A3-A52598D720F2} = {3B7F4C09-1B27-43B5-810B-55ACBFF41C7C}
		{F91A6C3A-E253-435F-8147-FCEDEDB8B5C7} = {3B7F4C09-1B27-43B5-810B-55ACBFF41C7C}
		{C47756C4-D90D-4A80-A69D-011E8D5957D8} = {3B7F4C09-1B27-43B5-810B-55ACBFF41C7C}
		{13730512-E9C1-4B2E-B1EC-EA0706F5118B} = {2D98D90E-BF9D-4343-9AA2-9B1028392DA2}
		{40FD3552-26B3-4916-930E-3FFD08EF6583} = {2D98D90E-BF9D-4343-9AA2-9B1028392DA2}
		{FD9B7789-8601-42D7-800D-9DA500CDA0EF} = {98A44227-5413-4763-A0F3-CF7077027FF8}
		{9472AF6C-54C9-4ED6-AAD3-3377969D82A2} = {98A44227-5413-4763-A0F3-CF7077027FF8}
		{ACFB7BDC-8BC3-4349-BE37-5328322CBC4F} = {98A44227-5413-4763-A0F3-CF7077027FF8}
		{564200AB-3C1C-4A69-B36C-E1D2DA4D0697} = {BD9A3150-A2D7-46D5-AE27-A8621DD11D28}
		{1F69CBC5-A1E0-4462-BB13-D51136F58B9D} = {BD9A3150-A2D7-46D5-AE27-A8621DD11D28}
		{6FFF0E27-D5DE-47AC-8DF2-BDABD112026D} = {BD9A3150-A2D7-46D5-AE27-A8621DD11D28}
		{2B674241-D458-4E24-B330-EA9687DCEFE9} = {439B4670-9E56-4F32-A5AE-7E87130518D8}
		{9F3179F8-85FF-4ECF-A929-4FC8EDAF5856} = {83CD85CC-C3FC-4D30-A600-3629EA647351}
		{9CB1615D-2DC6-4748-843E-438E18DF1719} = {7648452D-F662-4DB0-A9C0-B8C1FA8DE957}
		{8FB63B77-41D7-42EF-AB12-DDCA5F7CFCC6} = {7648452D-F662-4DB0-A9C0-B8C1FA8DE957}
		{18163964-AE99-46E3-8FAC-9BE49D14D190} = {BCA5A4AD-5EF0-48C6-AF72-9B738D0EB11D}
		{0AF7B21A-82F4-4CB2-B597-0625A893C28E} = {BCA5A4AD-5EF0-48C6-AF72-9B738D0EB11D}
		{B43917E5-E562-4E92-A058-1FF1B7C6D60B} = {BCA5A4AD-5EF0-48C6-AF72-9B738D0EB11D}
		{E751549C-B576-484B-9340-645C3E849A2E} = {BCA5A4AD-5EF0-48C6-AF72-9B738D0EB11D}
		{E0B22D23-7CDC-47D4-9AD5-CAC674EC13F9} = {BCA5A4AD-5EF0-48C6-AF72-9B738D0EB11D}
		{F8A87C17-66CB-44B3-84BE-824454956444} = {BCA5A4AD-5EF0-48C6-AF72-9B738D0EB11D}
		{1D223B54-7B7F-41C1-862B-0E06B60CB6FE} = {BCA5A4AD-5EF0-48C6-AF72-9B738D0EB11D}
		{31589DDA-D0DB-4A61-AC4E-21B0640E2E57} = {20DAF29C-2C13-42A1-B559-D61F31F5A749}
		{283932C9-67B1-41BF-B5FC-F90F1344399C} = {20DAF29C-2C13-42A1-B559-D61F31F5A749}
		{20D4FD54-AD9C-4C93-896F-D44BD718622B} = {20DAF29C-2C13-42A1-B559-D61F31F5A749}
		{B9703D69-2232-494E-8EED-66CCA45FD56C} = {9B7C7571-4EEE-4ED4-80A6-03151A990489}
		{9DEA4AC7-43FF-4455-BB92-7F7AFA942E3D} = {C8BBC0CC-CA57-43F8-9B23-34F92DCC7FAF}
		{F59B0AA7-BE6A-40BD-A127-E30E93C1DBF7} = {9B7C7571-4EEE-4ED4-80A6-03151A990489}
		{7F8F0C01-F81D-4EC1-9FBF-823F5B6095E3} = {4F351DF3-5CD5-4ABF-A858-7B2898CCC0C5}
		{7833A6E8-70C8-4713-8811-DBAA9F66E9E9} = {4F351DF3-5CD5-4ABF-A858-7B2898CCC0C5}
		{CFEED396-E345-4AC6-80EF-21F3AC9552A4} = {9066C791-6B3F-472B-B2CF-819D894AF994}
		{2E750010-C066-46A3-86D9-820EBC0FFEAA} = {439B4670-9E56-4F32-A5AE-7E87130518D8}
	EndGlobalSection
	GlobalSection(ExtensibilityGlobals) = postSolution
		SolutionGuid = {E3376C5A-76BA-41C9-BFF1-5D056AA72EC4}
	EndGlobalSection
	GlobalSection(DPCodeReviewSolutionGUID) = preSolution
		DPCodeReviewSolutionGUID = {00000000-0000-0000-0000-000000000000}
	EndGlobalSection
EndGlobal
