<?xml version="1.0" encoding="utf-8"?>
<Project ToolsVersion="4.0" xmlns="http://schemas.microsoft.com/developer/msbuild/2003">
  <ItemGroup>
    <Filter Include="Source Files">
      <UniqueIdentifier>{b15510f5-aa40-4eb5-9416-4b41a0e7af3c}</UniqueIdentifier>
      <Extensions>cpp;c;cxx;rc;def;r;odl;idl;hpj;bat</Extensions>
    </Filter>
    <Filter Include="Header Files">
      <UniqueIdentifier>{45da26c9-ac1d-4f87-929d-21e1b822a08c}</UniqueIdentifier>
      <Extensions>h;hpp;hxx;hm;inl</Extensions>
    </Filter>
    <Filter Include="Resource Files">
      <UniqueIdentifier>{9137f8b3-5984-420b-94fd-6b7126d454fd}</UniqueIdentifier>
      <Extensions>ico;cur;bmp;dlg;rc2;rct;bin;rgs;gif;jpg;jpeg;jpe</Extensions>
    </Filter>
  </ItemGroup>
  <ItemGroup>
    <ClCompile Include="..\src\Smt3DBaseLib\bl3d_scene.cpp">
      <Filter>Source Files</Filter>
    </ClCompile>
    <ClCompile Include="..\src\Smt3DBaseLib\bl3d_sceneocttree.cpp">
      <Filter>Source Files</Filter>
    </ClCompile>
    <ClCompile Include="..\src\Smt3DBaseLib\bl3d_sceneocttreenode.cpp">
      <Filter>Source Files</Filter>
    </ClCompile>
    <ClCompile Include="..\src\Smt3DBaseLib\bl3d_vertexocttree.cpp">
      <Filter>Source Files</Filter>
    </ClCompile>
    <ClCompile Include="..\src\Smt3DBaseLib\bl3d_vertextreenode.cpp">
      <Filter>Source Files</Filter>
    </ClCompile>
  </ItemGroup>
  <ItemGroup>
    <ClInclude Include="..\src\Smt3DBaseLib\bl3d_bas_struct.h">
      <Filter>Header Files</Filter>
    </ClInclude>
    <ClInclude Include="..\src\Smt3DBaseLib\bl3d_object.h">
      <Filter>Header Files</Filter>
    </ClInclude>
    <ClInclude Include="..\src\Smt3DBaseLib\bl3d_scene.h">
      <Filter>Header Files</Filter>
    </ClInclude>
    <ClInclude Include="..\src\Smt3DBaseLib\bl3d_sceneocttree.h">
      <Filter>Header Files</Filter>
    </ClInclude>
    <ClInclude Include="..\src\Smt3DBaseLib\bl3d_vertexocttree.h">
      <Filter>Header Files</Filter>
    </ClInclude>
  </ItemGroup>
</Project>