<?xml version="1.0" encoding="utf-8"?>
<Project ToolsVersion="4.0" xmlns="http://schemas.microsoft.com/developer/msbuild/2003">
  <ItemGroup>
    <Filter Include="Source Files">
      <UniqueIdentifier>{1647b27c-76e8-4c06-a816-fcb38d701f62}</UniqueIdentifier>
      <Extensions>cpp;c;cxx;rc;def;r;odl;idl;hpj;bat</Extensions>
    </Filter>
    <Filter Include="Header Files">
      <UniqueIdentifier>{a94a5157-4fd5-4da7-b267-dd9ae05542b3}</UniqueIdentifier>
      <Extensions>h;hpp;hxx;hm;inl</Extensions>
    </Filter>
    <Filter Include="Resource Files">
      <UniqueIdentifier>{2985a124-06b2-4a09-a93c-07a4d0c58846}</UniqueIdentifier>
      <Extensions>ico;cur;bmp;dlg;rc2;rct;bin;rgs;gif;jpg;jpeg;jpe</Extensions>
    </Filter>
  </ItemGroup>
  <ItemGroup>
    <ClCompile Include="..\src\Smt3DMdLib\md3d_2dgeoobject.cpp">
      <Filter>Source Files</Filter>
    </ClCompile>
    <ClCompile Include="..\src\Smt3DMdLib\md3d_3dgeoobject.cpp">
      <Filter>Source Files</Filter>
    </ClCompile>
    <ClCompile Include="..\src\Smt3DMdLib\md3d_cube.cpp">
      <Filter>Source Files</Filter>
    </ClCompile>
    <ClCompile Include="..\src\Smt3DMdLib\md3d_northarray.cpp">
      <Filter>Source Files</Filter>
    </ClCompile>
    <ClCompile Include="..\src\Smt3DMdLib\md3d_sphere.cpp">
      <Filter>Source Files</Filter>
    </ClCompile>
    <ClCompile Include="..\src\Smt3DMdLib\md3d_water.cpp">
      <Filter>Source Files</Filter>
    </ClCompile>
  </ItemGroup>
  <ItemGroup>
    <ClInclude Include="..\src\Smt3DMdLib\md3d_2dgeoobject.h">
      <Filter>Header Files</Filter>
    </ClInclude>
    <ClInclude Include="..\src\Smt3DMdLib\md3d_3dgeoobject.h">
      <Filter>Header Files</Filter>
    </ClInclude>
    <ClInclude Include="..\src\Smt3DMdLib\md3d_cube.h">
      <Filter>Header Files</Filter>
    </ClInclude>
    <ClInclude Include="..\src\Smt3DMdLib\md3d_northarray.h">
      <Filter>Header Files</Filter>
    </ClInclude>
    <ClInclude Include="..\src\Smt3DMdLib\md3d_sphere.h">
      <Filter>Header Files</Filter>
    </ClInclude>
    <ClInclude Include="..\src\Smt3DMdLib\md3d_water.h">
      <Filter>Header Files</Filter>
    </ClInclude>
  </ItemGroup>
</Project>