<?xml version="1.0" encoding="utf-8"?>
<Project ToolsVersion="4.0" xmlns="http://schemas.microsoft.com/developer/msbuild/2003">
  <ItemGroup>
    <Filter Include="Source Files">
      <UniqueIdentifier>{00fd1378-10c0-416c-aafe-7ece3e25920a}</UniqueIdentifier>
      <Extensions>cpp;c;cxx;rc;def;r;odl;idl;hpj;bat</Extensions>
    </Filter>
    <Filter Include="Source Files\core">
      <UniqueIdentifier>{aa37d979-48c2-4a01-b758-88949594a51b}</UniqueIdentifier>
    </Filter>
    <Filter Include="Source Files\device">
      <UniqueIdentifier>{18510e3f-3625-4962-9972-89e4abada92e}</UniqueIdentifier>
    </Filter>
    <Filter Include="Source Files\textures">
      <UniqueIdentifier>{3589fdc5-5943-46dd-8342-0b2c55aace89}</UniqueIdentifier>
    </Filter>
    <Filter Include="Source Files\states">
      <UniqueIdentifier>{76fdd59e-296d-48f0-9298-f4d705ba196b}</UniqueIdentifier>
    </Filter>
    <Filter Include="Source Files\shaders">
      <UniqueIdentifier>{de128d7a-b651-481b-bc41-f8cd3aab3370}</UniqueIdentifier>
    </Filter>
    <Filter Include="Source Files\buffers">
      <UniqueIdentifier>{761e901a-93c9-45a8-89a1-3170cc74c91b}</UniqueIdentifier>
    </Filter>
    <Filter Include="Source Files\camera">
      <UniqueIdentifier>{8f874aee-28b5-4aa9-ae55-bd6c3a3cbd09}</UniqueIdentifier>
    </Filter>
    <Filter Include="Header Files">
      <UniqueIdentifier>{63d34d7d-e86c-4c3e-b91b-db7f518a3a62}</UniqueIdentifier>
      <Extensions>h;hpp;hxx;hm;inl</Extensions>
    </Filter>
    <Filter Include="Header Files\buffers">
      <UniqueIdentifier>{916f6926-2986-44b5-ab99-2409c71438c1}</UniqueIdentifier>
    </Filter>
    <Filter Include="Header Files\states">
      <UniqueIdentifier>{2d9355a5-a3bf-49c1-929a-806b04e5a403}</UniqueIdentifier>
    </Filter>
    <Filter Include="Header Files\shaders">
      <UniqueIdentifier>{f48d7084-657e-488a-ad04-56333d3ba6de}</UniqueIdentifier>
    </Filter>
    <Filter Include="Header Files\device">
      <UniqueIdentifier>{6131814a-4d4f-4438-97b1-2373a231d5df}</UniqueIdentifier>
    </Filter>
    <Filter Include="Header Files\core">
      <UniqueIdentifier>{2c0781ff-ae44-427c-b8ce-23925039538f}</UniqueIdentifier>
    </Filter>
    <Filter Include="Header Files\textures">
      <UniqueIdentifier>{2af16fb9-b6b4-4112-8a3a-112be06e7dde}</UniqueIdentifier>
    </Filter>
    <Filter Include="Header Files\camera">
      <UniqueIdentifier>{b0c0e3fe-ee11-481a-af34-cbcc60c18e1b}</UniqueIdentifier>
    </Filter>
  </ItemGroup>
  <ItemGroup>
    <ClCompile Include="..\src\Smt3DRenderer\rd3d_3drenderer.cpp">
      <Filter>Source Files</Filter>
    </ClCompile>
    <ClCompile Include="..\src\Smt3DRenderer\rd3d_3dmaterial.cpp">
      <Filter>Source Files\core</Filter>
    </ClCompile>
    <ClCompile Include="..\src\Smt3DRenderer\rd3d_color.cpp">
      <Filter>Source Files\core</Filter>
    </ClCompile>
    <ClCompile Include="..\src\Smt3DRenderer\rd3d_frustum.cpp">
      <Filter>Source Files\core</Filter>
    </ClCompile>
    <ClCompile Include="..\src\Smt3DRenderer\rd3d_light.cpp">
      <Filter>Source Files\core</Filter>
    </ClCompile>
    <ClCompile Include="..\src\Smt3DRenderer\rd3d_texture.cpp">
      <Filter>Source Files\textures</Filter>
    </ClCompile>
    <ClCompile Include="..\src\Smt3DRenderer\rd3d_texturemanager.cpp">
      <Filter>Source Files\textures</Filter>
    </ClCompile>
    <ClCompile Include="..\src\Smt3DRenderer\rd3d_statesmanager.cpp">
      <Filter>Source Files\states</Filter>
    </ClCompile>
    <ClCompile Include="..\src\Smt3DRenderer\rd3d_program.cpp">
      <Filter>Source Files\shaders</Filter>
    </ClCompile>
    <ClCompile Include="..\src\Smt3DRenderer\rd3d_programmanager.cpp">
      <Filter>Source Files\shaders</Filter>
    </ClCompile>
    <ClCompile Include="..\src\Smt3DRenderer\rd3d_shader.cpp">
      <Filter>Source Files\shaders</Filter>
    </ClCompile>
    <ClCompile Include="..\src\Smt3DRenderer\rd3d_shadermanager.cpp">
      <Filter>Source Files\shaders</Filter>
    </ClCompile>
    <ClCompile Include="..\src\Smt3DRenderer\rd3d_framebuffer.cpp">
      <Filter>Source Files\buffers</Filter>
    </ClCompile>
    <ClCompile Include="..\src\Smt3DRenderer\rd3d_videobuffer.cpp">
      <Filter>Source Files\buffers</Filter>
    </ClCompile>
    <ClCompile Include="..\src\Smt3DRenderer\rd3d_arbvcamera.cpp">
      <Filter>Source Files\camera</Filter>
    </ClCompile>
    <ClCompile Include="..\src\Smt3DRenderer\rd3d_camera.cpp">
      <Filter>Source Files\camera</Filter>
    </ClCompile>
    <ClCompile Include="..\src\Smt3DRenderer\rd3d_combinedcamera.cpp">
      <Filter>Source Files\camera</Filter>
    </ClCompile>
    <ClCompile Include="..\src\Smt3DRenderer\rd3d_fpscamera.cpp">
      <Filter>Source Files\camera</Filter>
    </ClCompile>
    <ClCompile Include="..\src\Smt3DRenderer\rd3d_orthcamera.cpp">
      <Filter>Source Files\camera</Filter>
    </ClCompile>
    <ClCompile Include="..\src\Smt3DRenderer\rd3d_perspcamera.cpp">
      <Filter>Source Files\camera</Filter>
    </ClCompile>
  </ItemGroup>
  <ItemGroup>
    <ClInclude Include="..\src\Smt3DRenderer\rd3d_3drenderer.h">
      <Filter>Header Files</Filter>
    </ClInclude>
    <ClInclude Include="..\src\Smt3DRenderer\rd3d_framebuffer.h">
      <Filter>Header Files\buffers</Filter>
    </ClInclude>
    <ClInclude Include="..\src\Smt3DRenderer\rd3d_indexbuffer.h">
      <Filter>Header Files\buffers</Filter>
    </ClInclude>
    <ClInclude Include="..\src\Smt3DRenderer\rd3d_renderbuffer.h">
      <Filter>Header Files\buffers</Filter>
    </ClInclude>
    <ClInclude Include="..\src\Smt3DRenderer\rd3d_vertexbuffer.h">
      <Filter>Header Files\buffers</Filter>
    </ClInclude>
    <ClInclude Include="..\src\Smt3DRenderer\rd3d_videobuffer.h">
      <Filter>Header Files\buffers</Filter>
    </ClInclude>
    <ClInclude Include="..\src\Smt3DRenderer\rd3d_states.h">
      <Filter>Header Files\states</Filter>
    </ClInclude>
    <ClInclude Include="..\src\Smt3DRenderer\rd3d_statesmanager.h">
      <Filter>Header Files\states</Filter>
    </ClInclude>
    <ClInclude Include="..\src\Smt3DRenderer\rd3d_program.h">
      <Filter>Header Files\shaders</Filter>
    </ClInclude>
    <ClInclude Include="..\src\Smt3DRenderer\rd3d_programmanager.h">
      <Filter>Header Files\shaders</Filter>
    </ClInclude>
    <ClInclude Include="..\src\Smt3DRenderer\rd3d_shader.h">
      <Filter>Header Files\shaders</Filter>
    </ClInclude>
    <ClInclude Include="..\src\Smt3DRenderer\rd3d_shadermanager.h">
      <Filter>Header Files\shaders</Filter>
    </ClInclude>
    <ClInclude Include="..\src\Smt3DRenderer\rd3d_3ddevicecaps.h">
      <Filter>Header Files\device</Filter>
    </ClInclude>
    <ClInclude Include="..\src\Smt3DRenderer\rd3d_3drenderdevice.h">
      <Filter>Header Files\device</Filter>
    </ClInclude>
    <ClInclude Include="..\src\Smt3DRenderer\rd3d_3drenderdefs.h">
      <Filter>Header Files\core</Filter>
    </ClInclude>
    <ClInclude Include="..\src\Smt3DRenderer\rd3d_base.h">
      <Filter>Header Files\core</Filter>
    </ClInclude>
    <ClInclude Include="..\src\Smt3DRenderer\rd3d_texture.h">
      <Filter>Header Files\textures</Filter>
    </ClInclude>
    <ClInclude Include="..\src\Smt3DRenderer\rd3d_texturemanager.h">
      <Filter>Header Files\textures</Filter>
    </ClInclude>
    <ClInclude Include="..\src\Smt3DRenderer\rd3d_camera.h">
      <Filter>Header Files\camera</Filter>
    </ClInclude>
  </ItemGroup>
</Project>