<?xml version="1.0" encoding="utf-8"?>
<Project ToolsVersion="4.0" xmlns="http://schemas.microsoft.com/developer/msbuild/2003">
  <ItemGroup>
    <Filter Include="源文件">
      <UniqueIdentifier>{4FC737F1-C7A5-4376-A066-2A32D752A2FF}</UniqueIdentifier>
      <Extensions>cpp;c;cc;cxx;def;odl;idl;hpj;bat;asm;asmx</Extensions>
    </Filter>
    <Filter Include="头文件">
      <UniqueIdentifier>{93995380-89BD-4b04-88EB-625FBE52EBFB}</UniqueIdentifier>
      <Extensions>h;hpp;hxx;hm;inl;inc;xsd</Extensions>
    </Filter>
    <Filter Include="资源文件">
      <UniqueIdentifier>{67DA6AB6-F800-4c08-8B7A-83BB121AAD01}</UniqueIdentifier>
      <Extensions>rc;ico;cur;bmp;dlg;rc2;rct;bin;rgs;gif;jpg;jpeg;jpe;resx;tiff;tif;png;wav</Extensions>
    </Filter>
    <Filter Include="UI">
      <UniqueIdentifier>{7c6ac351-a2a2-4bf5-a321-e2c5421a9c07}</UniqueIdentifier>
    </Filter>
    <Filter Include="Core">
      <UniqueIdentifier>{12fffa43-07fa-4980-9acf-562547c268d3}</UniqueIdentifier>
    </Filter>
  </ItemGroup>
  <ItemGroup>
    <ClCompile Include="..\src\SmtAMMapProject\SmtAMMapProject.cpp">
      <Filter>源文件</Filter>
    </ClCompile>
    <ClCompile Include="..\src\SmtAMMapProject\stdafx.cpp">
      <Filter>源文件</Filter>
    </ClCompile>
    <ClCompile Include="..\src\SmtAMMapProject\DlgMapPrj.cpp">
      <Filter>UI</Filter>
    </ClCompile>
    <ClCompile Include="..\src\SmtAMMapProject\DlgMapPrjDoGrid.cpp">
      <Filter>UI</Filter>
    </ClCompile>
    <ClCompile Include="..\src\SmtAMMapProject\DlgMapPrjDoXY.cpp">
      <Filter>UI</Filter>
    </ClCompile>
    <ClCompile Include="..\src\SmtAMMapProject\mapprj_plug.cpp">
      <Filter>Core</Filter>
    </ClCompile>
  </ItemGroup>
  <ItemGroup>
    <ClInclude Include="..\src\SmtAMMapProject\resource.h">
      <Filter>头文件</Filter>
    </ClInclude>
    <ClInclude Include="..\src\SmtAMMapProject\SmtAMMapProject.h">
      <Filter>头文件</Filter>
    </ClInclude>
    <ClInclude Include="..\src\SmtAMMapProject\stdafx.h">
      <Filter>头文件</Filter>
    </ClInclude>
    <ClInclude Include="..\src\SmtAMMapProject\targetver.h">
      <Filter>头文件</Filter>
    </ClInclude>
    <ClInclude Include="..\src\SmtAMMapProject\DlgMapPrj.h">
      <Filter>UI</Filter>
    </ClInclude>
    <ClInclude Include="..\src\SmtAMMapProject\DlgMapPrjDoGrid.h">
      <Filter>UI</Filter>
    </ClInclude>
    <ClInclude Include="..\src\SmtAMMapProject\DlgMapPrjDoXY.h">
      <Filter>UI</Filter>
    </ClInclude>
    <ClInclude Include="..\src\SmtAMMapProject\mapprj_plug.h">
      <Filter>Core</Filter>
    </ClInclude>
  </ItemGroup>
  <ItemGroup>
    <ResourceCompile Include="..\src\SmtAMMapProject\SmtAMMapProject.rc">
      <Filter>资源文件</Filter>
    </ResourceCompile>
  </ItemGroup>
  <ItemGroup>
    <None Include="..\src\SmtAMMapProject\res\SmtAMMapProject.rc2">
      <Filter>资源文件</Filter>
    </None>
  </ItemGroup>
  <ItemGroup>
    <Text Include="..\src\SmtAMMapProject\ReadMe.txt" />
  </ItemGroup>
</Project>