<?xml version="1.0" encoding="utf-8"?>
<Project ToolsVersion="4.0" xmlns="http://schemas.microsoft.com/developer/msbuild/2003">
  <ItemGroup>
    <Filter Include="源文件">
      <UniqueIdentifier>{4FC737F1-C7A5-4376-A066-2A32D752A2FF}</UniqueIdentifier>
      <Extensions>cpp;c;cc;cxx;def;odl;idl;hpj;bat;asm;asmx</Extensions>
    </Filter>
    <Filter Include="头文件">
      <UniqueIdentifier>{93995380-89BD-4b04-88EB-625FBE52EBFB}</UniqueIdentifier>
      <Extensions>h;hpp;hxx;hm;inl;inc;xsd</Extensions>
    </Filter>
    <Filter Include="资源文件">
      <UniqueIdentifier>{67DA6AB6-F800-4c08-8B7A-83BB121AAD01}</UniqueIdentifier>
      <Extensions>rc;ico;cur;bmp;dlg;rc2;rct;bin;rgs;gif;jpg;jpeg;jpe;resx;tiff;tif;png;wav</Extensions>
    </Filter>
  </ItemGroup>
  <ItemGroup>
    <ClCompile Include="..\src\SmtCore\smt_api.cpp">
      <Filter>源文件</Filter>
    </ClCompile>
    <ClCompile Include="..\src\SmtCore\smt_assert.cpp">
      <Filter>源文件</Filter>
    </ClCompile>
    <ClCompile Include="..\src\SmtCore\smt_command.cpp">
      <Filter>源文件</Filter>
    </ClCompile>
    <ClCompile Include="..\src\SmtCore\smt_cslock.cpp">
      <Filter>源文件</Filter>
    </ClCompile>
    <ClCompile Include="..\src\SmtCore\smt_dynlib.cpp">
      <Filter>源文件</Filter>
    </ClCompile>
    <ClCompile Include="..\src\SmtCore\smt_dynlibmanager.cpp">
      <Filter>源文件</Filter>
    </ClCompile>
    <ClCompile Include="..\src\SmtCore\smt_filesys.cpp">
      <Filter>源文件</Filter>
    </ClCompile>
    <ClCompile Include="..\src\SmtCore\smt_listener.cpp">
      <Filter>源文件</Filter>
    </ClCompile>
    <ClCompile Include="..\src\SmtCore\smt_listenermanager.cpp">
      <Filter>源文件</Filter>
    </ClCompile>
    <ClCompile Include="..\src\SmtCore\smt_log.cpp">
      <Filter>源文件</Filter>
    </ClCompile>
    <ClCompile Include="..\src\SmtCore\smt_logmanager.cpp">
      <Filter>源文件</Filter>
    </ClCompile>
    <ClCompile Include="..\src\SmtCore\smt_mempool.cpp">
      <Filter>源文件</Filter>
    </ClCompile>
    <ClCompile Include="..\src\SmtCore\smt_mempoolmgr.cpp">
      <Filter>源文件</Filter>
    </ClCompile>
    <ClCompile Include="..\src\SmtCore\smt_memshare.cpp">
      <Filter>源文件</Filter>
    </ClCompile>
    <ClCompile Include="..\src\SmtCore\smt_msg.cpp">
      <Filter>源文件</Filter>
    </ClCompile>
    <ClCompile Include="..\src\SmtCore\smt_plugin.cpp">
      <Filter>源文件</Filter>
    </ClCompile>
    <ClCompile Include="..\src\SmtCore\smt_pluginmanager.cpp">
      <Filter>源文件</Filter>
    </ClCompile>
    <ClCompile Include="..\src\SmtCore\smt_srwlock.cpp">
      <Filter>源文件</Filter>
    </ClCompile>
    <ClCompile Include="..\src\SmtCore\smt_thread.cpp">
      <Filter>源文件</Filter>
    </ClCompile>
    <ClCompile Include="..\src\SmtCore\smt_threadpool.cpp">
      <Filter>源文件</Filter>
    </ClCompile>
    <ClCompile Include="..\src\SmtCore\smt_timer.cpp">
      <Filter>源文件</Filter>
    </ClCompile>
    <ClCompile Include="..\src\SmtCore\smt_winservice.cpp">
      <Filter>源文件</Filter>
    </ClCompile>
    <ClCompile Include="..\src\SmtCore\smt_workthread.cpp">
      <Filter>源文件</Filter>
    </ClCompile>
    <ClCompile Include="..\src\SmtCore\smt_xml.cpp">
      <Filter>源文件</Filter>
    </ClCompile>
    <ClCompile Include="..\src\SmtCore\smt_xmlerror.cpp">
      <Filter>源文件</Filter>
    </ClCompile>
    <ClCompile Include="..\src\SmtCore\smt_xmlparser.cpp">
      <Filter>源文件</Filter>
    </ClCompile>
  </ItemGroup>
  <ItemGroup>
    <ClInclude Include="..\src\SmtCore\resource.h">
      <Filter>头文件</Filter>
    </ClInclude>
    <ClInclude Include="..\src\SmtCore\smt_api.h">
      <Filter>头文件</Filter>
    </ClInclude>
    <ClInclude Include="..\src\SmtCore\smt_assert.h">
      <Filter>头文件</Filter>
    </ClInclude>
    <ClInclude Include="..\src\SmtCore\smt_bas_struct.h">
      <Filter>头文件</Filter>
    </ClInclude>
    <ClInclude Include="..\src\SmtCore\smt_command.h">
      <Filter>头文件</Filter>
    </ClInclude>
    <ClInclude Include="..\src\SmtCore\smt_core.h">
      <Filter>头文件</Filter>
    </ClInclude>
    <ClInclude Include="..\src\SmtCore\smt_cslock.h">
      <Filter>头文件</Filter>
    </ClInclude>
    <ClInclude Include="..\src\SmtCore\smt_dynlib.h">
      <Filter>头文件</Filter>
    </ClInclude>
    <ClInclude Include="..\src\SmtCore\smt_dynlibmanager.h">
      <Filter>头文件</Filter>
    </ClInclude>
    <ClInclude Include="..\src\SmtCore\smt_env_struct.h">
      <Filter>头文件</Filter>
    </ClInclude>
    <ClInclude Include="..\src\SmtCore\smt_exception.h">
      <Filter>头文件</Filter>
    </ClInclude>
    <ClInclude Include="..\src\SmtCore\smt_filesys.h">
      <Filter>头文件</Filter>
    </ClInclude>
    <ClInclude Include="..\src\SmtCore\smt_listener.h">
      <Filter>头文件</Filter>
    </ClInclude>
    <ClInclude Include="..\src\SmtCore\smt_listenermanager.h">
      <Filter>头文件</Filter>
    </ClInclude>
    <ClInclude Include="..\src\SmtCore\smt_log.h">
      <Filter>头文件</Filter>
    </ClInclude>
    <ClInclude Include="..\src\SmtCore\smt_logmanager.h">
      <Filter>头文件</Filter>
    </ClInclude>
    <ClInclude Include="..\src\SmtCore\smt_matrix2d.h">
      <Filter>头文件</Filter>
    </ClInclude>
    <ClInclude Include="..\src\SmtCore\smt_mempool.h">
      <Filter>头文件</Filter>
    </ClInclude>
    <ClInclude Include="..\src\SmtCore\smt_mempoolmgr.h">
      <Filter>头文件</Filter>
    </ClInclude>
    <ClInclude Include="..\src\SmtCore\smt_memshare.h">
      <Filter>头文件</Filter>
    </ClInclude>
    <ClInclude Include="..\src\SmtCore\smt_msg.h">
      <Filter>头文件</Filter>
    </ClInclude>
    <ClInclude Include="..\src\SmtCore\smt_msg_def.h">
      <Filter>头文件</Filter>
    </ClInclude>
    <ClInclude Include="..\src\SmtCore\smt_plugin.h">
      <Filter>头文件</Filter>
    </ClInclude>
    <ClInclude Include="..\src\SmtCore\smt_pluginmanager.h">
      <Filter>头文件</Filter>
    </ClInclude>
    <ClInclude Include="..\src\SmtCore\smt_srwlock.h">
      <Filter>头文件</Filter>
    </ClInclude>
    <ClInclude Include="..\src\SmtCore\smt_thread.h">
      <Filter>头文件</Filter>
    </ClInclude>
    <ClInclude Include="..\src\SmtCore\smt_threadpool.h">
      <Filter>头文件</Filter>
    </ClInclude>
    <ClInclude Include="..\src\SmtCore\smt_timer.h">
      <Filter>头文件</Filter>
    </ClInclude>
    <ClInclude Include="..\src\SmtCore\smt_trd_sync.h">
      <Filter>头文件</Filter>
    </ClInclude>
    <ClInclude Include="..\src\SmtCore\smt_winservice.h">
      <Filter>头文件</Filter>
    </ClInclude>
    <ClInclude Include="..\src\SmtCore\smt_xml.h">
      <Filter>头文件</Filter>
    </ClInclude>
  </ItemGroup>
  <ItemGroup>
    <None Include="..\src\SmtCore\cursor1.cur">
      <Filter>资源文件</Filter>
    </None>
  </ItemGroup>
  <ItemGroup>
    <Image Include="..\src\SmtCore\icon1.ico">
      <Filter>资源文件</Filter>
    </Image>
  </ItemGroup>
  <ItemGroup>
    <ResourceCompile Include="..\src\SmtCore\SmtCore.rc">
      <Filter>资源文件</Filter>
    </ResourceCompile>
  </ItemGroup>
</Project>