<?xml version="1.0" encoding="utf-8"?>
<Project ToolsVersion="4.0" xmlns="http://schemas.microsoft.com/developer/msbuild/2003">
  <ItemGroup>
    <Filter Include="源文件">
      <UniqueIdentifier>{4FC737F1-C7A5-4376-A066-2A32D752A2FF}</UniqueIdentifier>
      <Extensions>cpp;c;cc;cxx;def;odl;idl;hpj;bat;asm;asmx</Extensions>
    </Filter>
    <Filter Include="头文件">
      <UniqueIdentifier>{93995380-89BD-4b04-88EB-625FBE52EBFB}</UniqueIdentifier>
      <Extensions>h;hpp;hxx;hm;inl;inc;xsd</Extensions>
    </Filter>
    <Filter Include="资源文件">
      <UniqueIdentifier>{67DA6AB6-F800-4c08-8B7A-83BB121AAD01}</UniqueIdentifier>
      <Extensions>rc;ico;cur;bmp;dlg;rc2;rct;bin;rgs;gif;jpg;jpeg;jpe;resx;tiff;tif;png;wav</Extensions>
    </Filter>
  </ItemGroup>
  <ItemGroup>
    <ClCompile Include="..\src\SmtXAMBoxCore\amb_amboxmgrdocbar.cpp">
      <Filter>源文件</Filter>
    </ClCompile>
    <ClCompile Include="..\src\SmtXAMBoxCore\amb_xambox.cpp">
      <Filter>源文件</Filter>
    </ClCompile>
    <ClCompile Include="..\src\SmtXAMBoxCore\SmtXAMBoxCore.cpp">
      <Filter>源文件</Filter>
    </ClCompile>
    <ClCompile Include="..\src\SmtXAMBoxCore\stdafx.cpp">
      <Filter>源文件</Filter>
    </ClCompile>
  </ItemGroup>
  <ItemGroup>
    <ClInclude Include="..\src\SmtXAMBoxCore\amb_amboxmgrdocbar.h">
      <Filter>头文件</Filter>
    </ClInclude>
    <ClInclude Include="..\src\SmtXAMBoxCore\amb_xambox.h">
      <Filter>头文件</Filter>
    </ClInclude>
    <ClInclude Include="..\src\SmtXAMBoxCore\resource.h">
      <Filter>头文件</Filter>
    </ClInclude>
    <ClInclude Include="..\src\SmtXAMBoxCore\SmtXAMBoxCore.h">
      <Filter>头文件</Filter>
    </ClInclude>
    <ClInclude Include="..\src\SmtXAMBoxCore\stdafx.h">
      <Filter>头文件</Filter>
    </ClInclude>
    <ClInclude Include="..\src\SmtXAMBoxCore\targetver.h">
      <Filter>头文件</Filter>
    </ClInclude>
  </ItemGroup>
  <ItemGroup>
    <ResourceCompile Include="..\src\SmtXAMBoxCore\SmtXAMBoxCore.rc">
      <Filter>资源文件</Filter>
    </ResourceCompile>
  </ItemGroup>
  <ItemGroup>
    <None Include="..\src\SmtXAMBoxCore\res\SmtXAMBoxCore.rc2">
      <Filter>资源文件</Filter>
    </None>
  </ItemGroup>
  <ItemGroup>
    <Image Include="..\src\SmtXAMBoxCore\res\功能包.ico">
      <Filter>资源文件</Filter>
    </Image>
    <Image Include="..\src\SmtXAMBoxCore\res\功能项.ico">
      <Filter>资源文件</Filter>
    </Image>
  </ItemGroup>
  <ItemGroup>
    <Text Include="..\src\SmtXAMBoxCore\ReadMe.txt" />
  </ItemGroup>
</Project>